PODS:
  - Alamofire (4.8.2)
  - CocoaLumberjack/Core (3.5.3)
  - CocoaLumberjack/Swift (3.5.3):
    - CocoaLumberjack/Core
  - Cuckoo (1.0.6)
  - KeychainAccess (3.2.0)
  - Nimble (8.0.2)
  - Quick (2.1.0)
  - Realm (3.17.3):
    - Realm/Headers (= 3.17.3)
  - Realm/Headers (3.17.3)
  - RealmSwift (3.17.3):
    - Realm (= 3.17.3)
  - RxAlamofire (5.0.0):
    - RxAlamofire/Core (= 5.0.0)
  - RxAlamofire/Core (5.0.0):
    - Alamofire (~> 4.8)
    - RxSwift (~> 5.0)
  - RxBlocking (5.0.0):
    - RxSwift (~> 5)
  - RxCocoa (5.0.0):
    - RxRelay (~> 5)
    - RxSwift (~> 5)
  - RxRelay (5.0.0):
    - RxSwift (~> 5)
  - RxSwift (5.0.0)
  - RxTest (5.0.0):
    - RxSwift (~> 5)
  - SwiftLint (0.33.0)

DEPENDENCIES:
  - Alamofire (~> 4.8.2)
  - CocoaLumberjack/Swift
  - Cuckoo (~> 1.0.6)
  - KeychainAccess
  - Nimble (~> 8)
  - Quick (~> 2.1.0)
  - RealmSwift
  - RxAlamofire
  - RxBlocking (~> 5.0.0)
  - RxCocoa (~> 5)
  - RxSwift (~> 5)
  - RxTest (~> 5.0.0)
  - SwiftLint

SPEC REPOS:
  https://github.com/CocoaPods/Specs.git:
    - Alamofire
    - CocoaLumberjack
    - Cuckoo
    - Nimble
    - Quick
    - Realm
    - RealmSwift
    - RxAlamofire
    - RxBlocking
    - RxCocoa
    - RxRelay
    - RxSwift
    - RxTest
    - SwiftLint
  trunk:
    - KeychainAccess

SPEC CHECKSUMS:
  Alamofire: ae5c501addb7afdbb13687d7f2f722c78734c2d3
  CocoaLumberjack: 2f44e60eb91c176d471fdba43b9e3eae6a721947
  Cuckoo: 8074fc309159c4862665b83798f5ad03e061e8bd
  KeychainAccess: 3b1bf8a77eb4c6ea1ce9404c292e48f948954c6b
  Nimble: 622629381bda1dd5678162f21f1368cec7cbba60
  Quick: 4be43f6634acfa727dd106bdf3929ce125ffa79d
  Realm: 5a1d9d47bfc101dd597668b1a8af4288a2557f6d
  RealmSwift: b7fdc2d18616621c31df5c7a398a45a2163f8eb0
  RxAlamofire: e7875a012aff55345672d0f70a2a9cd6aeb0f211
  RxBlocking: c67185d26498ea3cbe3e121917c3c16739e43123
  RxCocoa: fcf32050ac00d801f34a7f71d5e8e7f23026dcd8
  RxRelay: 4f7409406a51a55cd88483f21ed898c234d60f18
  RxSwift: 8b0671caa829a763bbce7271095859121cbd895f
  RxTest: 4349afe98f564e0a9bc19063368904622d17d49a
  SwiftLint: fed9c66336e41fc74dc48a73678380718f0c8b0e

PODFILE CHECKSUM: f4759ee7a140fd3f097ebca8bec1932c1bd290d0

COCOAPODS: 1.8.3
