// !$*UTF8*$!
{
	archiveVersion = 1;
	classes = {
	};
	objectVersion = 50;
	objects = {

/* Begin PBXBuildFile section */
		221BAC8A917539156B432BE5 /* Pods_EmployeeRosterTests.framework in Frameworks */ = {isa = PBXBuildFile; fileRef = 92F8AFB9E85A1A40857DFB7A /* Pods_EmployeeRosterTests.framework */; };
		5C8A22A50C1223F5240D6115 /* Pods_EmployeeRoster.framework in Frameworks */ = {isa = PBXBuildFile; fileRef = E10E2C90F94CECE929E91EA4 /* Pods_EmployeeRoster.framework */; };
		6302423317141A6E46F29AA1 /* Pods_EmployeeRosterUITests.framework in Frameworks */ = {isa = PBXBuildFile; fileRef = 70E75E62A9749F2432767340 /* Pods_EmployeeRosterUITests.framework */; };
		AF1B099322CC956D00C5EC90 /* AppDelegate.swift in Sources */ = {isa = PBXBuildFile; fileRef = AF1B099222CC956D00C5EC90 /* AppDelegate.swift */; };
		AF1B099522CC956D00C5EC90 /* ViewController.swift in Sources */ = {isa = PBXBuildFile; fileRef = AF1B099422CC956D00C5EC90 /* ViewController.swift */; };
		AF1B099822CC956D00C5EC90 /* Main.storyboard in Resources */ = {isa = PBXBuildFile; fileRef = AF1B099622CC956D00C5EC90 /* Main.storyboard */; };
		AF1B099B22CC956D00C5EC90 /* EmployeeRoster.xcdatamodeld in Sources */ = {isa = PBXBuildFile; fileRef = AF1B099922CC956D00C5EC90 /* EmployeeRoster.xcdatamodeld */; };
		AF1B099D22CC956E00C5EC90 /* Assets.xcassets in Resources */ = {isa = PBXBuildFile; fileRef = AF1B099C22CC956E00C5EC90 /* Assets.xcassets */; };
		AF1B09A022CC956E00C5EC90 /* LaunchScreen.storyboard in Resources */ = {isa = PBXBuildFile; fileRef = AF1B099E22CC956E00C5EC90 /* LaunchScreen.storyboard */; };
		AF1B09AB22CC956E00C5EC90 /* EmployeeRosterTests.swift in Sources */ = {isa = PBXBuildFile; fileRef = AF1B09AA22CC956E00C5EC90 /* EmployeeRosterTests.swift */; };
		AF1B09B622CC956E00C5EC90 /* EmployeeRosterUITests.swift in Sources */ = {isa = PBXBuildFile; fileRef = AF1B09B522CC956E00C5EC90 /* EmployeeRosterUITests.swift */; };
/* End PBXBuildFile section */

/* Begin PBXContainerItemProxy section */
		AF1B09A722CC956E00C5EC90 /* PBXContainerItemProxy */ = {
			isa = PBXContainerItemProxy;
			containerPortal = AF1B098722CC956D00C5EC90 /* Project object */;
			proxyType = 1;
			remoteGlobalIDString = AF1B098E22CC956D00C5EC90;
			remoteInfo = EmployeeRoster;
		};
		AF1B09B222CC956E00C5EC90 /* PBXContainerItemProxy */ = {
			isa = PBXContainerItemProxy;
			containerPortal = AF1B098722CC956D00C5EC90 /* Project object */;
			proxyType = 1;
			remoteGlobalIDString = AF1B098E22CC956D00C5EC90;
			remoteInfo = EmployeeRoster;
		};
/* End PBXContainerItemProxy section */

/* Begin PBXFileReference section */
		0718CCDE6143713203A9D7B8 /* Pods-EmployeeRosterTests.release.xcconfig */ = {isa = PBXFileReference; includeInIndex = 1; lastKnownFileType = text.xcconfig; name = "Pods-EmployeeRosterTests.release.xcconfig"; path = "Target Support Files/Pods-EmployeeRosterTests/Pods-EmployeeRosterTests.release.xcconfig"; sourceTree = "<group>"; };
		4BF38923BD0CEC33E0435252 /* Pods-EmployeeRoster.debug.xcconfig */ = {isa = PBXFileReference; includeInIndex = 1; lastKnownFileType = text.xcconfig; name = "Pods-EmployeeRoster.debug.xcconfig"; path = "Target Support Files/Pods-EmployeeRoster/Pods-EmployeeRoster.debug.xcconfig"; sourceTree = "<group>"; };
		54DB1A68239D1D777C11D304 /* Pods-EmployeeRoster.release.xcconfig */ = {isa = PBXFileReference; includeInIndex = 1; lastKnownFileType = text.xcconfig; name = "Pods-EmployeeRoster.release.xcconfig"; path = "Target Support Files/Pods-EmployeeRoster/Pods-EmployeeRoster.release.xcconfig"; sourceTree = "<group>"; };
		70E75E62A9749F2432767340 /* Pods_EmployeeRosterUITests.framework */ = {isa = PBXFileReference; explicitFileType = wrapper.framework; includeInIndex = 0; path = Pods_EmployeeRosterUITests.framework; sourceTree = BUILT_PRODUCTS_DIR; };
		73B5E33942EEEF48B91ABFAF /* Pods-EmployeeRosterUITests.debug.xcconfig */ = {isa = PBXFileReference; includeInIndex = 1; lastKnownFileType = text.xcconfig; name = "Pods-EmployeeRosterUITests.debug.xcconfig"; path = "Target Support Files/Pods-EmployeeRosterUITests/Pods-EmployeeRosterUITests.debug.xcconfig"; sourceTree = "<group>"; };
		92F8AFB9E85A1A40857DFB7A /* Pods_EmployeeRosterTests.framework */ = {isa = PBXFileReference; explicitFileType = wrapper.framework; includeInIndex = 0; path = Pods_EmployeeRosterTests.framework; sourceTree = BUILT_PRODUCTS_DIR; };
		A3DFB27D207C73995483DC74 /* Pods-EmployeeRosterTests.debug.xcconfig */ = {isa = PBXFileReference; includeInIndex = 1; lastKnownFileType = text.xcconfig; name = "Pods-EmployeeRosterTests.debug.xcconfig"; path = "Target Support Files/Pods-EmployeeRosterTests/Pods-EmployeeRosterTests.debug.xcconfig"; sourceTree = "<group>"; };
		A71DCB1334F1EDB1B6D396FE /* Pods-EmployeeRosterUITests.release.xcconfig */ = {isa = PBXFileReference; includeInIndex = 1; lastKnownFileType = text.xcconfig; name = "Pods-EmployeeRosterUITests.release.xcconfig"; path = "Target Support Files/Pods-EmployeeRosterUITests/Pods-EmployeeRosterUITests.release.xcconfig"; sourceTree = "<group>"; };
		AF1B098F22CC956D00C5EC90 /* EmployeeRoster.app */ = {isa = PBXFileReference; explicitFileType = wrapper.application; includeInIndex = 0; path = EmployeeRoster.app; sourceTree = BUILT_PRODUCTS_DIR; };
		AF1B099222CC956D00C5EC90 /* AppDelegate.swift */ = {isa = PBXFileReference; lastKnownFileType = sourcecode.swift; path = AppDelegate.swift; sourceTree = "<group>"; };
		AF1B099422CC956D00C5EC90 /* ViewController.swift */ = {isa = PBXFileReference; lastKnownFileType = sourcecode.swift; path = ViewController.swift; sourceTree = "<group>"; };
		AF1B099722CC956D00C5EC90 /* Base */ = {isa = PBXFileReference; lastKnownFileType = file.storyboard; name = Base; path = Base.lproj/Main.storyboard; sourceTree = "<group>"; };
		AF1B099A22CC956D00C5EC90 /* EmployeeRoster.xcdatamodel */ = {isa = PBXFileReference; lastKnownFileType = wrapper.xcdatamodel; path = EmployeeRoster.xcdatamodel; sourceTree = "<group>"; };
		AF1B099C22CC956E00C5EC90 /* Assets.xcassets */ = {isa = PBXFileReference; lastKnownFileType = folder.assetcatalog; path = Assets.xcassets; sourceTree = "<group>"; };
		AF1B099F22CC956E00C5EC90 /* Base */ = {isa = PBXFileReference; lastKnownFileType = file.storyboard; name = Base; path = Base.lproj/LaunchScreen.storyboard; sourceTree = "<group>"; };
		AF1B09A122CC956E00C5EC90 /* Info.plist */ = {isa = PBXFileReference; lastKnownFileType = text.plist.xml; path = Info.plist; sourceTree = "<group>"; };
		AF1B09A622CC956E00C5EC90 /* EmployeeRosterTests.xctest */ = {isa = PBXFileReference; explicitFileType = wrapper.cfbundle; includeInIndex = 0; path = EmployeeRosterTests.xctest; sourceTree = BUILT_PRODUCTS_DIR; };
		AF1B09AA22CC956E00C5EC90 /* EmployeeRosterTests.swift */ = {isa = PBXFileReference; lastKnownFileType = sourcecode.swift; path = EmployeeRosterTests.swift; sourceTree = "<group>"; };
		AF1B09AC22CC956E00C5EC90 /* Info.plist */ = {isa = PBXFileReference; lastKnownFileType = text.plist.xml; path = Info.plist; sourceTree = "<group>"; };
		AF1B09B122CC956E00C5EC90 /* EmployeeRosterUITests.xctest */ = {isa = PBXFileReference; explicitFileType = wrapper.cfbundle; includeInIndex = 0; path = EmployeeRosterUITests.xctest; sourceTree = BUILT_PRODUCTS_DIR; };
		AF1B09B522CC956E00C5EC90 /* EmployeeRosterUITests.swift */ = {isa = PBXFileReference; lastKnownFileType = sourcecode.swift; path = EmployeeRosterUITests.swift; sourceTree = "<group>"; };
		AF1B09B722CC956E00C5EC90 /* Info.plist */ = {isa = PBXFileReference; lastKnownFileType = text.plist.xml; path = Info.plist; sourceTree = "<group>"; };
		E10E2C90F94CECE929E91EA4 /* Pods_EmployeeRoster.framework */ = {isa = PBXFileReference; explicitFileType = wrapper.framework; includeInIndex = 0; path = Pods_EmployeeRoster.framework; sourceTree = BUILT_PRODUCTS_DIR; };
/* End PBXFileReference section */

/* Begin PBXFrameworksBuildPhase section */
		AF1B098C22CC956D00C5EC90 /* Frameworks */ = {
			isa = PBXFrameworksBuildPhase;
			buildActionMask = 2147483647;
			files = (
				5C8A22A50C1223F5240D6115 /* Pods_EmployeeRoster.framework in Frameworks */,
			);
			runOnlyForDeploymentPostprocessing = 0;
		};
		AF1B09A322CC956E00C5EC90 /* Frameworks */ = {
			isa = PBXFrameworksBuildPhase;
			buildActionMask = 2147483647;
			files = (
				221BAC8A917539156B432BE5 /* Pods_EmployeeRosterTests.framework in Frameworks */,
			);
			runOnlyForDeploymentPostprocessing = 0;
		};
		AF1B09AE22CC956E00C5EC90 /* Frameworks */ = {
			isa = PBXFrameworksBuildPhase;
			buildActionMask = 2147483647;
			files = (
				6302423317141A6E46F29AA1 /* Pods_EmployeeRosterUITests.framework in Frameworks */,
			);
			runOnlyForDeploymentPostprocessing = 0;
		};
/* End PBXFrameworksBuildPhase section */

/* Begin PBXGroup section */
		315346FCC84884FD337D36C4 /* Frameworks */ = {
			isa = PBXGroup;
			children = (
				E10E2C90F94CECE929E91EA4 /* Pods_EmployeeRoster.framework */,
				92F8AFB9E85A1A40857DFB7A /* Pods_EmployeeRosterTests.framework */,
				70E75E62A9749F2432767340 /* Pods_EmployeeRosterUITests.framework */,
			);
			name = Frameworks;
			sourceTree = "<group>";
		};
		AF1B098622CC956D00C5EC90 = {
			isa = PBXGroup;
			children = (
				AF1B099122CC956D00C5EC90 /* EmployeeRoster */,
				AF1B09A922CC956E00C5EC90 /* EmployeeRosterTests */,
				AF1B09B422CC956E00C5EC90 /* EmployeeRosterUITests */,
				AF1B099022CC956D00C5EC90 /* Products */,
				D07C0B252A69B67D07917D43 /* Pods */,
				315346FCC84884FD337D36C4 /* Frameworks */,
			);
			sourceTree = "<group>";
		};
		AF1B099022CC956D00C5EC90 /* Products */ = {
			isa = PBXGroup;
			children = (
				AF1B098F22CC956D00C5EC90 /* EmployeeRoster.app */,
				AF1B09A622CC956E00C5EC90 /* EmployeeRosterTests.xctest */,
				AF1B09B122CC956E00C5EC90 /* EmployeeRosterUITests.xctest */,
			);
			name = Products;
			sourceTree = "<group>";
		};
		AF1B099122CC956D00C5EC90 /* EmployeeRoster */ = {
			isa = PBXGroup;
			children = (
				AF1B099222CC956D00C5EC90 /* AppDelegate.swift */,
				AF1B099422CC956D00C5EC90 /* ViewController.swift */,
				AF1B099622CC956D00C5EC90 /* Main.storyboard */,
				AF1B099C22CC956E00C5EC90 /* Assets.xcassets */,
				AF1B099E22CC956E00C5EC90 /* LaunchScreen.storyboard */,
				AF1B09A122CC956E00C5EC90 /* Info.plist */,
				AF1B099922CC956D00C5EC90 /* EmployeeRoster.xcdatamodeld */,
			);
			path = EmployeeRoster;
			sourceTree = "<group>";
		};
		AF1B09A922CC956E00C5EC90 /* EmployeeRosterTests */ = {
			isa = PBXGroup;
			children = (
				AF1B09AA22CC956E00C5EC90 /* EmployeeRosterTests.swift */,
				AF1B09AC22CC956E00C5EC90 /* Info.plist */,
			);
			path = EmployeeRosterTests;
			sourceTree = "<group>";
		};
		AF1B09B422CC956E00C5EC90 /* EmployeeRosterUITests */ = {
			isa = PBXGroup;
			children = (
				AF1B09B522CC956E00C5EC90 /* EmployeeRosterUITests.swift */,
				AF1B09B722CC956E00C5EC90 /* Info.plist */,
			);
			path = EmployeeRosterUITests;
			sourceTree = "<group>";
		};
		D07C0B252A69B67D07917D43 /* Pods */ = {
			isa = PBXGroup;
			children = (
				4BF38923BD0CEC33E0435252 /* Pods-EmployeeRoster.debug.xcconfig */,
				54DB1A68239D1D777C11D304 /* Pods-EmployeeRoster.release.xcconfig */,
				A3DFB27D207C73995483DC74 /* Pods-EmployeeRosterTests.debug.xcconfig */,
				0718CCDE6143713203A9D7B8 /* Pods-EmployeeRosterTests.release.xcconfig */,
				73B5E33942EEEF48B91ABFAF /* Pods-EmployeeRosterUITests.debug.xcconfig */,
				A71DCB1334F1EDB1B6D396FE /* Pods-EmployeeRosterUITests.release.xcconfig */,
			);
			name = Pods;
			path = Pods;
			sourceTree = "<group>";
		};
/* End PBXGroup section */

/* Begin PBXNativeTarget section */
		AF1B098E22CC956D00C5EC90 /* EmployeeRoster */ = {
			isa = PBXNativeTarget;
			buildConfigurationList = AF1B09BA22CC956E00C5EC90 /* Build configuration list for PBXNativeTarget "EmployeeRoster" */;
			buildPhases = (
				BB82F1FA1C0991ADEA84B261 /* [CP] Check Pods Manifest.lock */,
				AF1B098B22CC956D00C5EC90 /* Sources */,
				AF1B098C22CC956D00C5EC90 /* Frameworks */,
				AF1B098D22CC956D00C5EC90 /* Resources */,
				DDAB17EA30DC81C81851DE2B /* [CP] Embed Pods Frameworks */,
			);
			buildRules = (
			);
			dependencies = (
			);
			name = EmployeeRoster;
			productName = EmployeeRoster;
			productReference = AF1B098F22CC956D00C5EC90 /* EmployeeRoster.app */;
			productType = "com.apple.product-type.application";
		};
		AF1B09A522CC956E00C5EC90 /* EmployeeRosterTests */ = {
			isa = PBXNativeTarget;
			buildConfigurationList = AF1B09BD22CC956E00C5EC90 /* Build configuration list for PBXNativeTarget "EmployeeRosterTests" */;
			buildPhases = (
				E7956EE6C55B3D9BF8428DEC /* [CP] Check Pods Manifest.lock */,
				AF1B09A222CC956E00C5EC90 /* Sources */,
				AF1B09A322CC956E00C5EC90 /* Frameworks */,
				AF1B09A422CC956E00C5EC90 /* Resources */,
			);
			buildRules = (
			);
			dependencies = (
				AF1B09A822CC956E00C5EC90 /* PBXTargetDependency */,
			);
			name = EmployeeRosterTests;
			productName = EmployeeRosterTests;
			productReference = AF1B09A622CC956E00C5EC90 /* EmployeeRosterTests.xctest */;
			productType = "com.apple.product-type.bundle.unit-test";
		};
		AF1B09B022CC956E00C5EC90 /* EmployeeRosterUITests */ = {
			isa = PBXNativeTarget;
			buildConfigurationList = AF1B09C022CC956E00C5EC90 /* Build configuration list for PBXNativeTarget "EmployeeRosterUITests" */;
			buildPhases = (
				A2D3A880FD12CB7D021F1718 /* [CP] Check Pods Manifest.lock */,
				AF1B09AD22CC956E00C5EC90 /* Sources */,
				AF1B09AE22CC956E00C5EC90 /* Frameworks */,
				AF1B09AF22CC956E00C5EC90 /* Resources */,
			);
			buildRules = (
			);
			dependencies = (
				AF1B09B322CC956E00C5EC90 /* PBXTargetDependency */,
			);
			name = EmployeeRosterUITests;
			productName = EmployeeRosterUITests;
			productReference = AF1B09B122CC956E00C5EC90 /* EmployeeRosterUITests.xctest */;
			productType = "com.apple.product-type.bundle.ui-testing";
		};
/* End PBXNativeTarget section */

/* Begin PBXProject section */
		AF1B098722CC956D00C5EC90 /* Project object */ = {
			isa = PBXProject;
			attributes = {
				LastSwiftUpdateCheck = 1020;
				LastUpgradeCheck = 1020;
				ORGANIZATIONNAME = NischalHada;
				TargetAttributes = {
					AF1B098E22CC956D00C5EC90 = {
						CreatedOnToolsVersion = 10.2.1;
					};
					AF1B09A522CC956E00C5EC90 = {
						CreatedOnToolsVersion = 10.2.1;
						TestTargetID = AF1B098E22CC956D00C5EC90;
					};
					AF1B09B022CC956E00C5EC90 = {
						CreatedOnToolsVersion = 10.2.1;
						TestTargetID = AF1B098E22CC956D00C5EC90;
					};
				};
			};
			buildConfigurationList = AF1B098A22CC956D00C5EC90 /* Build configuration list for PBXProject "EmployeeRoster" */;
			compatibilityVersion = "Xcode 9.3";
			developmentRegion = en;
			hasScannedForEncodings = 0;
			knownRegions = (
				en,
				Base,
			);
			mainGroup = AF1B098622CC956D00C5EC90;
			productRefGroup = AF1B099022CC956D00C5EC90 /* Products */;
			projectDirPath = "";
			projectRoot = "";
			targets = (
				AF1B098E22CC956D00C5EC90 /* EmployeeRoster */,
				AF1B09A522CC956E00C5EC90 /* EmployeeRosterTests */,
				AF1B09B022CC956E00C5EC90 /* EmployeeRosterUITests */,
			);
		};
/* End PBXProject section */

/* Begin PBXResourcesBuildPhase section */
		AF1B098D22CC956D00C5EC90 /* Resources */ = {
			isa = PBXResourcesBuildPhase;
			buildActionMask = 2147483647;
			files = (
				AF1B09A022CC956E00C5EC90 /* LaunchScreen.storyboard in Resources */,
				AF1B099D22CC956E00C5EC90 /* Assets.xcassets in Resources */,
				AF1B099822CC956D00C5EC90 /* Main.storyboard in Resources */,
			);
			runOnlyForDeploymentPostprocessing = 0;
		};
		AF1B09A422CC956E00C5EC90 /* Resources */ = {
			isa = PBXResourcesBuildPhase;
			buildActionMask = 2147483647;
			files = (
			);
			runOnlyForDeploymentPostprocessing = 0;
		};
		AF1B09AF22CC956E00C5EC90 /* Resources */ = {
			isa = PBXResourcesBuildPhase;
			buildActionMask = 2147483647;
			files = (
			);
			runOnlyForDeploymentPostprocessing = 0;
		};
/* End PBXResourcesBuildPhase section */

/* Begin PBXShellScriptBuildPhase section */
		A2D3A880FD12CB7D021F1718 /* [CP] Check Pods Manifest.lock */ = {
			isa = PBXShellScriptBuildPhase;
			buildActionMask = 2147483647;
			files = (
			);
			inputFileListPaths = (
			);
			inputPaths = (
				"${PODS_PODFILE_DIR_PATH}/Podfile.lock",
				"${PODS_ROOT}/Manifest.lock",
			);
			name = "[CP] Check Pods Manifest.lock";
			outputFileListPaths = (
			);
			outputPaths = (
				"$(DERIVED_FILE_DIR)/Pods-EmployeeRosterUITests-checkManifestLockResult.txt",
			);
			runOnlyForDeploymentPostprocessing = 0;
			shellPath = /bin/sh;
			shellScript = "diff \"${PODS_PODFILE_DIR_PATH}/Podfile.lock\" \"${PODS_ROOT}/Manifest.lock\" > /dev/null\nif [ $? != 0 ] ; then\n    # print error to STDERR\n    echo \"error: The sandbox is not in sync with the Podfile.lock. Run 'pod install' or update your CocoaPods installation.\" >&2\n    exit 1\nfi\n# This output is used by Xcode 'outputs' to avoid re-running this script phase.\necho \"SUCCESS\" > \"${SCRIPT_OUTPUT_FILE_0}\"\n";
			showEnvVarsInLog = 0;
		};
		BB82F1FA1C0991ADEA84B261 /* [CP] Check Pods Manifest.lock */ = {
			isa = PBXShellScriptBuildPhase;
			buildActionMask = 2147483647;
			files = (
			);
			inputFileListPaths = (
			);
			inputPaths = (
				"${PODS_PODFILE_DIR_PATH}/Podfile.lock",
				"${PODS_ROOT}/Manifest.lock",
			);
			name = "[CP] Check Pods Manifest.lock";
			outputFileListPaths = (
			);
			outputPaths = (
				"$(DERIVED_FILE_DIR)/Pods-EmployeeRoster-checkManifestLockResult.txt",
			);
			runOnlyForDeploymentPostprocessing = 0;
			shellPath = /bin/sh;
			shellScript = "diff \"${PODS_PODFILE_DIR_PATH}/Podfile.lock\" \"${PODS_ROOT}/Manifest.lock\" > /dev/null\nif [ $? != 0 ] ; then\n    # print error to STDERR\n    echo \"error: The sandbox is not in sync with the Podfile.lock. Run 'pod install' or update your CocoaPods installation.\" >&2\n    exit 1\nfi\n# This output is used by Xcode 'outputs' to avoid re-running this script phase.\necho \"SUCCESS\" > \"${SCRIPT_OUTPUT_FILE_0}\"\n";
			showEnvVarsInLog = 0;
		};
		DDAB17EA30DC81C81851DE2B /* [CP] Embed Pods Frameworks */ = {
			isa = PBXShellScriptBuildPhase;
			buildActionMask = 2147483647;
			files = (
			);
			inputFileListPaths = (
				"${PODS_ROOT}/Target Support Files/Pods-EmployeeRoster/Pods-EmployeeRoster-frameworks-${CONFIGURATION}-input-files.xcfilelist",
			);
			name = "[CP] Embed Pods Frameworks";
			outputFileListPaths = (
				"${PODS_ROOT}/Target Support Files/Pods-EmployeeRoster/Pods-EmployeeRoster-frameworks-${CONFIGURATION}-output-files.xcfilelist",
			);
			runOnlyForDeploymentPostprocessing = 0;
			shellPath = /bin/sh;
			shellScript = "\"${PODS_ROOT}/Target Support Files/Pods-EmployeeRoster/Pods-EmployeeRoster-frameworks.sh\"\n";
			showEnvVarsInLog = 0;
		};
		E7956EE6C55B3D9BF8428DEC /* [CP] Check Pods Manifest.lock */ = {
			isa = PBXShellScriptBuildPhase;
			buildActionMask = 2147483647;
			files = (
			);
			inputFileListPaths = (
			);
			inputPaths = (
				"${PODS_PODFILE_DIR_PATH}/Podfile.lock",
				"${PODS_ROOT}/Manifest.lock",
			);
			name = "[CP] Check Pods Manifest.lock";
			outputFileListPaths = (
			);
			outputPaths = (
				"$(DERIVED_FILE_DIR)/Pods-EmployeeRosterTests-checkManifestLockResult.txt",
			);
			runOnlyForDeploymentPostprocessing = 0;
			shellPath = /bin/sh;
			shellScript = "diff \"${PODS_PODFILE_DIR_PATH}/Podfile.lock\" \"${PODS_ROOT}/Manifest.lock\" > /dev/null\nif [ $? != 0 ] ; then\n    # print error to STDERR\n    echo \"error: The sandbox is not in sync with the Podfile.lock. Run 'pod install' or update your CocoaPods installation.\" >&2\n    exit 1\nfi\n# This output is used by Xcode 'outputs' to avoid re-running this script phase.\necho \"SUCCESS\" > \"${SCRIPT_OUTPUT_FILE_0}\"\n";
			showEnvVarsInLog = 0;
		};
/* End PBXShellScriptBuildPhase section */

/* Begin PBXSourcesBuildPhase section */
		AF1B098B22CC956D00C5EC90 /* Sources */ = {
			isa = PBXSourcesBuildPhase;
			buildActionMask = 2147483647;
			files = (
				AF1B099B22CC956D00C5EC90 /* EmployeeRoster.xcdatamodeld in Sources */,
				AF1B099522CC956D00C5EC90 /* ViewController.swift in Sources */,
				AF1B099322CC956D00C5EC90 /* AppDelegate.swift in Sources */,
			);
			runOnlyForDeploymentPostprocessing = 0;
		};
		AF1B09A222CC956E00C5EC90 /* Sources */ = {
			isa = PBXSourcesBuildPhase;
			buildActionMask = 2147483647;
			files = (
				AF1B09AB22CC956E00C5EC90 /* EmployeeRosterTests.swift in Sources */,
			);
			runOnlyForDeploymentPostprocessing = 0;
		};
		AF1B09AD22CC956E00C5EC90 /* Sources */ = {
			isa = PBXSourcesBuildPhase;
			buildActionMask = 2147483647;
			files = (
				AF1B09B622CC956E00C5EC90 /* EmployeeRosterUITests.swift in Sources */,
			);
			runOnlyForDeploymentPostprocessing = 0;
		};
/* End PBXSourcesBuildPhase section */

/* Begin PBXTargetDependency section */
		AF1B09A822CC956E00C5EC90 /* PBXTargetDependency */ = {
			isa = PBXTargetDependency;
			target = AF1B098E22CC956D00C5EC90 /* EmployeeRoster */;
			targetProxy = AF1B09A722CC956E00C5EC90 /* PBXContainerItemProxy */;
		};
		AF1B09B322CC956E00C5EC90 /* PBXTargetDependency */ = {
			isa = PBXTargetDependency;
			target = AF1B098E22CC956D00C5EC90 /* EmployeeRoster */;
			targetProxy = AF1B09B222CC956E00C5EC90 /* PBXContainerItemProxy */;
		};
/* End PBXTargetDependency section */

/* Begin PBXVariantGroup section */
		AF1B099622CC956D00C5EC90 /* Main.storyboard */ = {
			isa = PBXVariantGroup;
			children = (
				AF1B099722CC956D00C5EC90 /* Base */,
			);
			name = Main.storyboard;
			sourceTree = "<group>";
		};
		AF1B099E22CC956E00C5EC90 /* LaunchScreen.storyboard */ = {
			isa = PBXVariantGroup;
			children = (
				AF1B099F22CC956E00C5EC90 /* Base */,
			);
			name = LaunchScreen.storyboard;
			sourceTree = "<group>";
		};
/* End PBXVariantGroup section */

/* Begin XCBuildConfiguration section */
		AF1B09B822CC956E00C5EC90 /* Debug */ = {
			isa = XCBuildConfiguration;
			buildSettings = {
				ALWAYS_SEARCH_USER_PATHS = NO;
				CLANG_ANALYZER_NONNULL = YES;
				CLANG_ANALYZER_NUMBER_OBJECT_CONVERSION = YES_AGGRESSIVE;
				CLANG_CXX_LANGUAGE_STANDARD = "gnu++14";
				CLANG_CXX_LIBRARY = "libc++";
				CLANG_ENABLE_MODULES = YES;
				CLANG_ENABLE_OBJC_ARC = YES;
				CLANG_ENABLE_OBJC_WEAK = YES;
				CLANG_WARN_BLOCK_CAPTURE_AUTORELEASING = YES;
				CLANG_WARN_BOOL_CONVERSION = YES;
				CLANG_WARN_COMMA = YES;
				CLANG_WARN_CONSTANT_CONVERSION = YES;
				CLANG_WARN_DEPRECATED_OBJC_IMPLEMENTATIONS = YES;
				CLANG_WARN_DIRECT_OBJC_ISA_USAGE = YES_ERROR;
				CLANG_WARN_DOCUMENTATION_COMMENTS = YES;
				CLANG_WARN_EMPTY_BODY = YES;
				CLANG_WARN_ENUM_CONVERSION = YES;
				CLANG_WARN_INFINITE_RECURSION = YES;
				CLANG_WARN_INT_CONVERSION = YES;
				CLANG_WARN_NON_LITERAL_NULL_CONVERSION = YES;
				CLANG_WARN_OBJC_IMPLICIT_RETAIN_SELF = YES;
				CLANG_WARN_OBJC_LITERAL_CONVERSION = YES;
				CLANG_WARN_OBJC_ROOT_CLASS = YES_ERROR;
				CLANG_WARN_RANGE_LOOP_ANALYSIS = YES;
				CLANG_WARN_STRICT_PROTOTYPES = YES;
				CLANG_WARN_SUSPICIOUS_MOVE = YES;
				CLANG_WARN_UNGUARDED_AVAILABILITY = YES_AGGRESSIVE;
				CLANG_WARN_UNREACHABLE_CODE = YES;
				CLANG_WARN__DUPLICATE_METHOD_MATCH = YES;
				CODE_SIGN_IDENTITY = "iPhone Developer";
				COPY_PHASE_STRIP = NO;
				DEBUG_INFORMATION_FORMAT = dwarf;
				ENABLE_STRICT_OBJC_MSGSEND = YES;
				ENABLE_TESTABILITY = YES;
				GCC_C_LANGUAGE_STANDARD = gnu11;
				GCC_DYNAMIC_NO_PIC = NO;
				GCC_NO_COMMON_BLOCKS = YES;
				GCC_OPTIMIZATION_LEVEL = 0;
				GCC_PREPROCESSOR_DEFINITIONS = (
					"DEBUG=1",
					"$(inherited)",
				);
				GCC_WARN_64_TO_32_BIT_CONVERSION = YES;
				GCC_WARN_ABOUT_RETURN_TYPE = YES_ERROR;
				GCC_WARN_UNDECLARED_SELECTOR = YES;
				GCC_WARN_UNINITIALIZED_AUTOS = YES_AGGRESSIVE;
				GCC_WARN_UNUSED_FUNCTION = YES;
				GCC_WARN_UNUSED_VARIABLE = YES;
				IPHONEOS_DEPLOYMENT_TARGET = 12.2;
				MTL_ENABLE_DEBUG_INFO = INCLUDE_SOURCE;
				MTL_FAST_MATH = YES;
				ONLY_ACTIVE_ARCH = YES;
				SDKROOT = iphoneos;
				SWIFT_ACTIVE_COMPILATION_CONDITIONS = DEBUG;
				SWIFT_OPTIMIZATION_LEVEL = "-Onone";
			};
			name = Debug;
		};
		AF1B09B922CC956E00C5EC90 /* Release */ = {
			isa = XCBuildConfiguration;
			buildSettings = {
				ALWAYS_SEARCH_USER_PATHS = NO;
				CLANG_ANALYZER_NONNULL = YES;
				CLANG_ANALYZER_NUMBER_OBJECT_CONVERSION = YES_AGGRESSIVE;
				CLANG_CXX_LANGUAGE_STANDARD = "gnu++14";
				CLANG_CXX_LIBRARY = "libc++";
				CLANG_ENABLE_MODULES = YES;
				CLANG_ENABLE_OBJC_ARC = YES;
				CLANG_ENABLE_OBJC_WEAK = YES;
				CLANG_WARN_BLOCK_CAPTURE_AUTORELEASING = YES;
				CLANG_WARN_BOOL_CONVERSION = YES;
				CLANG_WARN_COMMA = YES;
				CLANG_WARN_CONSTANT_CONVERSION = YES;
				CLANG_WARN_DEPRECATED_OBJC_IMPLEMENTATIONS = YES;
				CLANG_WARN_DIRECT_OBJC_ISA_USAGE = YES_ERROR;
				CLANG_WARN_DOCUMENTATION_COMMENTS = YES;
				CLANG_WARN_EMPTY_BODY = YES;
				CLANG_WARN_ENUM_CONVERSION = YES;
				CLANG_WARN_INFINITE_RECURSION = YES;
				CLANG_WARN_INT_CONVERSION = YES;
				CLANG_WARN_NON_LITERAL_NULL_CONVERSION = YES;
				CLANG_WARN_OBJC_IMPLICIT_RETAIN_SELF = YES;
				CLANG_WARN_OBJC_LITERAL_CONVERSION = YES;
				CLANG_WARN_OBJC_ROOT_CLASS = YES_ERROR;
				CLANG_WARN_RANGE_LOOP_ANALYSIS = YES;
				CLANG_WARN_STRICT_PROTOTYPES = YES;
				CLANG_WARN_SUSPICIOUS_MOVE = YES;
				CLANG_WARN_UNGUARDED_AVAILABILITY = YES_AGGRESSIVE;
				CLANG_WARN_UNREACHABLE_CODE = YES;
				CLANG_WARN__DUPLICATE_METHOD_MATCH = YES;
				CODE_SIGN_IDENTITY = "iPhone Developer";
				COPY_PHASE_STRIP = NO;
				DEBUG_INFORMATION_FORMAT = "dwarf-with-dsym";
				ENABLE_NS_ASSERTIONS = NO;
				ENABLE_STRICT_OBJC_MSGSEND = YES;
				GCC_C_LANGUAGE_STANDARD = gnu11;
				GCC_NO_COMMON_BLOCKS = YES;
				GCC_WARN_64_TO_32_BIT_CONVERSION = YES;
				GCC_WARN_ABOUT_RETURN_TYPE = YES_ERROR;
				GCC_WARN_UNDECLARED_SELECTOR = YES;
				GCC_WARN_UNINITIALIZED_AUTOS = YES_AGGRESSIVE;
				GCC_WARN_UNUSED_FUNCTION = YES;
				GCC_WARN_UNUSED_VARIABLE = YES;
				IPHONEOS_DEPLOYMENT_TARGET = 12.2;
				MTL_ENABLE_DEBUG_INFO = NO;
				MTL_FAST_MATH = YES;
				SDKROOT = iphoneos;
				SWIFT_COMPILATION_MODE = wholemodule;
				SWIFT_OPTIMIZATION_LEVEL = "-O";
				VALIDATE_PRODUCT = YES;
			};
			name = Release;
		};
		AF1B09BB22CC956E00C5EC90 /* Debug */ = {
			isa = XCBuildConfiguration;
			baseConfigurationReference = 4BF38923BD0CEC33E0435252 /* Pods-EmployeeRoster.debug.xcconfig */;
			buildSettings = {
				ASSETCATALOG_COMPILER_APPICON_NAME = AppIcon;
				CODE_SIGN_STYLE = Automatic;
				DEVELOPMENT_TEAM = 8K9W8TZ624;
				INFOPLIST_FILE = EmployeeRoster/Info.plist;
				LD_RUNPATH_SEARCH_PATHS = (
					"$(inherited)",
					"@executable_path/Frameworks",
				);
				PRODUCT_BUNDLE_IDENTIFIER = Nischalhada.EmployeeRoster;
				PRODUCT_NAME = "$(TARGET_NAME)";
				SWIFT_VERSION = 5.0;
				TARGETED_DEVICE_FAMILY = "1,2";
			};
			name = Debug;
		};
		AF1B09BC22CC956E00C5EC90 /* Release */ = {
			isa = XCBuildConfiguration;
			baseConfigurationReference = 54DB1A68239D1D777C11D304 /* Pods-EmployeeRoster.release.xcconfig */;
			buildSettings = {
				ASSETCATALOG_COMPILER_APPICON_NAME = AppIcon;
				CODE_SIGN_STYLE = Automatic;
				DEVELOPMENT_TEAM = 8K9W8TZ624;
				INFOPLIST_FILE = EmployeeRoster/Info.plist;
				LD_RUNPATH_SEARCH_PATHS = (
					"$(inherited)",
					"@executable_path/Frameworks",
				);
				PRODUCT_BUNDLE_IDENTIFIER = Nischalhada.EmployeeRoster;
				PRODUCT_NAME = "$(TARGET_NAME)";
				SWIFT_VERSION = 5.0;
				TARGETED_DEVICE_FAMILY = "1,2";
			};
			name = Release;
		};
		AF1B09BE22CC956E00C5EC90 /* Debug */ = {
			isa = XCBuildConfiguration;
			baseConfigurationReference = A3DFB27D207C73995483DC74 /* Pods-EmployeeRosterTests.debug.xcconfig */;
			buildSettings = {
				ALWAYS_EMBED_SWIFT_STANDARD_LIBRARIES = YES;
				BUNDLE_LOADER = "$(TEST_HOST)";
				CODE_SIGN_STYLE = Automatic;
				DEVELOPMENT_TEAM = 8K9W8TZ624;
				INFOPLIST_FILE = EmployeeRosterTests/Info.plist;
				LD_RUNPATH_SEARCH_PATHS = (
					"$(inherited)",
					"@executable_path/Frameworks",
					"@loader_path/Frameworks",
				);
				PRODUCT_BUNDLE_IDENTIFIER = Nischalhada.EmployeeRosterTests;
				PRODUCT_NAME = "$(TARGET_NAME)";
				SWIFT_VERSION = 5.0;
				TARGETED_DEVICE_FAMILY = "1,2";
				TEST_HOST = "$(BUILT_PRODUCTS_DIR)/EmployeeRoster.app/EmployeeRoster";
			};
			name = Debug;
		};
		AF1B09BF22CC956E00C5EC90 /* Release */ = {
			isa = XCBuildConfiguration;
			baseConfigurationReference = 0718CCDE6143713203A9D7B8 /* Pods-EmployeeRosterTests.release.xcconfig */;
			buildSettings = {
				ALWAYS_EMBED_SWIFT_STANDARD_LIBRARIES = YES;
				BUNDLE_LOADER = "$(TEST_HOST)";
				CODE_SIGN_STYLE = Automatic;
				DEVELOPMENT_TEAM = 8K9W8TZ624;
				INFOPLIST_FILE = EmployeeRosterTests/Info.plist;
				LD_RUNPATH_SEARCH_PATHS = (
					"$(inherited)",
					"@executable_path/Frameworks",
					"@loader_path/Frameworks",
				);
				PRODUCT_BUNDLE_IDENTIFIER = Nischalhada.EmployeeRosterTests;
				PRODUCT_NAME = "$(TARGET_NAME)";
				SWIFT_VERSION = 5.0;
				TARGETED_DEVICE_FAMILY = "1,2";
				TEST_HOST = "$(BUILT_PRODUCTS_DIR)/EmployeeRoster.app/EmployeeRoster";
			};
			name = Release;
		};
		AF1B09C122CC956E00C5EC90 /* Debug */ = {
			isa = XCBuildConfiguration;
			baseConfigurationReference = 73B5E33942EEEF48B91ABFAF /* Pods-EmployeeRosterUITests.debug.xcconfig */;
			buildSettings = {
				ALWAYS_EMBED_SWIFT_STANDARD_LIBRARIES = YES;
				CODE_SIGN_STYLE = Automatic;
				DEVELOPMENT_TEAM = 8K9W8TZ624;
				INFOPLIST_FILE = EmployeeRosterUITests/Info.plist;
				LD_RUNPATH_SEARCH_PATHS = (
					"$(inherited)",
					"@executable_path/Frameworks",
					"@loader_path/Frameworks",
				);
				PRODUCT_BUNDLE_IDENTIFIER = Nischalhada.EmployeeRosterUITests;
				PRODUCT_NAME = "$(TARGET_NAME)";
				SWIFT_VERSION = 5.0;
				TARGETED_DEVICE_FAMILY = "1,2";
				TEST_TARGET_NAME = EmployeeRoster;
			};
			name = Debug;
		};
		AF1B09C222CC956E00C5EC90 /* Release */ = {
			isa = XCBuildConfiguration;
			baseConfigurationReference = A71DCB1334F1EDB1B6D396FE /* Pods-EmployeeRosterUITests.release.xcconfig */;
			buildSettings = {
				ALWAYS_EMBED_SWIFT_STANDARD_LIBRARIES = YES;
				CODE_SIGN_STYLE = Automatic;
				DEVELOPMENT_TEAM = 8K9W8TZ624;
				INFOPLIST_FILE = EmployeeRosterUITests/Info.plist;
				LD_RUNPATH_SEARCH_PATHS = (
					"$(inherited)",
					"@executable_path/Frameworks",
					"@loader_path/Frameworks",
				);
				PRODUCT_BUNDLE_IDENTIFIER = Nischalhada.EmployeeRosterUITests;
				PRODUCT_NAME = "$(TARGET_NAME)";
				SWIFT_VERSION = 5.0;
				TARGETED_DEVICE_FAMILY = "1,2";
				TEST_TARGET_NAME = EmployeeRoster;
			};
			name = Release;
		};
/* End XCBuildConfiguration section */

/* Begin XCConfigurationList section */
		AF1B098A22CC956D00C5EC90 /* Build configuration list for PBXProject "EmployeeRoster" */ = {
			isa = XCConfigurationList;
			buildConfigurations = (
				AF1B09B822CC956E00C5EC90 /* Debug */,
				AF1B09B922CC956E00C5EC90 /* Release */,
			);
			defaultConfigurationIsVisible = 0;
			defaultConfigurationName = Release;
		};
		AF1B09BA22CC956E00C5EC90 /* Build configuration list for PBXNativeTarget "EmployeeRoster" */ = {
			isa = XCConfigurationList;
			buildConfigurations = (
				AF1B09BB22CC956E00C5EC90 /* Debug */,
				AF1B09BC22CC956E00C5EC90 /* Release */,
			);
			defaultConfigurationIsVisible = 0;
			defaultConfigurationName = Release;
		};
		AF1B09BD22CC956E00C5EC90 /* Build configuration list for PBXNativeTarget "EmployeeRosterTests" */ = {
			isa = XCConfigurationList;
			buildConfigurations = (
				AF1B09BE22CC956E00C5EC90 /* Debug */,
				AF1B09BF22CC956E00C5EC90 /* Release */,
			);
			defaultConfigurationIsVisible = 0;
			defaultConfigurationName = Release;
		};
		AF1B09C022CC956E00C5EC90 /* Build configuration list for PBXNativeTarget "EmployeeRosterUITests" */ = {
			isa = XCConfigurationList;
			buildConfigurations = (
				AF1B09C122CC956E00C5EC90 /* Debug */,
				AF1B09C222CC956E00C5EC90 /* Release */,
			);
			defaultConfigurationIsVisible = 0;
			defaultConfigurationName = Release;
		};
/* End XCConfigurationList section */

/* Begin XCVersionGroup section */
		AF1B099922CC956D00C5EC90 /* EmployeeRoster.xcdatamodeld */ = {
			isa = XCVersionGroup;
			children = (
				AF1B099A22CC956D00C5EC90 /* EmployeeRoster.xcdatamodel */,
			);
			currentVersion = AF1B099A22CC956D00C5EC90 /* EmployeeRoster.xcdatamodel */;
			path = EmployeeRoster.xcdatamodeld;
			sourceTree = "<group>";
			versionGroupType = wrapper.xcdatamodel;
		};
/* End XCVersionGroup section */
	};
	rootObject = AF1B098722CC956D00C5EC90 /* Project object */;
}
