// !$*UTF8*$!
{
	archiveVersion = 1;
	classes = {
	};
	objectVersion = 51;
	objects = {

/* Begin PBXBuildFile section */
		0402492023546C4400478C74 /* DateFormatter+Formatters.swift in Sources */ = {isa = PBXBuildFile; fileRef = 0402491D23546C4400478C74 /* DateFormatter+Formatters.swift */; };
		0402492123546C4400478C74 /* String+Extension .swift in Sources */ = {isa = PBXBuildFile; fileRef = 0402491E23546C4400478C74 /* String+Extension .swift */; };
		0402492223546C4400478C74 /* Date+Extensions.swift in Sources */ = {isa = PBXBuildFile; fileRef = 0402491F23546C4400478C74 /* Date+Extensions.swift */; };
		04027654239374EA00860D60 /* generate-swiftgen.sh in Resources */ = {isa = PBXBuildFile; fileRef = 04027652239374EA00860D60 /* generate-swiftgen.sh */; };
		04027655239374EA00860D60 /* swiftgen.yml in Resources */ = {isa = PBXBuildFile; fileRef = 04027653239374EA00860D60 /* swiftgen.yml */; };
		040276672393753C00860D60 /* StoryboardSegues.swift in Sources */ = {isa = PBXBuildFile; fileRef = 040276592393753C00860D60 /* StoryboardSegues.swift */; };
		040276682393753C00860D60 /* StoryboardScenes.swift in Sources */ = {isa = PBXBuildFile; fileRef = 0402765A2393753C00860D60 /* StoryboardScenes.swift */; };
		040276692393753C00860D60 /* GeneratedStrings.swift in Sources */ = {isa = PBXBuildFile; fileRef = 0402765C2393753C00860D60 /* GeneratedStrings.swift */; };
		0402766B2393753C00860D60 /* GeneratedColors.swift in Sources */ = {isa = PBXBuildFile; fileRef = 040276602393753C00860D60 /* GeneratedColors.swift */; };
		0402766C2393753C00860D60 /* GeneratedFonts.swift in Sources */ = {isa = PBXBuildFile; fileRef = 040276622393753C00860D60 /* GeneratedFonts.swift */; };
		0402766D2393753C00860D60 /* Assets.swift in Sources */ = {isa = PBXBuildFile; fileRef = 040276642393753C00860D60 /* Assets.swift */; };
		0402766E2393753C00860D60 /* GeneratedJSONFiles.swift in Sources */ = {isa = PBXBuildFile; fileRef = 040276662393753C00860D60 /* GeneratedJSONFiles.swift */; };
		04027675239376DF00860D60 /* StandardColors.txt in Resources */ = {isa = PBXBuildFile; fileRef = 04027671239376DF00860D60 /* StandardColors.txt */; };
		04027676239376DF00860D60 /* DashBoard.strings in Resources */ = {isa = PBXBuildFile; fileRef = 04027673239376DF00860D60 /* DashBoard.strings */; };
		04027677239376DF00860D60 /* Mock.strings in Resources */ = {isa = PBXBuildFile; fileRef = 04027674239376DF00860D60 /* Mock.strings */; };
		0402767923938EAF00860D60 /* Icons.xcassets in Resources */ = {isa = PBXBuildFile; fileRef = 0402767823938EAF00860D60 /* Icons.xcassets */; };
		0407F32623084190001E66A0 /* GothamRounded-Medium.otf in Resources */ = {isa = PBXBuildFile; fileRef = 0407F32323084190001E66A0 /* GothamRounded-Medium.otf */; };
		0407F32723084190001E66A0 /* GothamRounded-Bold.otf in Resources */ = {isa = PBXBuildFile; fileRef = 0407F32423084190001E66A0 /* GothamRounded-Bold.otf */; };
		0407F32823084190001E66A0 /* GothamRounded-Light.otf in Resources */ = {isa = PBXBuildFile; fileRef = 0407F32523084190001E66A0 /* GothamRounded-Light.otf */; };
		0407F32A230841ED001E66A0 /* ColourExtension.swift in Sources */ = {isa = PBXBuildFile; fileRef = 0407F329230841ED001E66A0 /* ColourExtension.swift */; };
		0447E5C923A32E34009BAC51 /* MockEventsCalendarManager.swift in Sources */ = {isa = PBXBuildFile; fileRef = 0447E5C823A32E34009BAC51 /* MockEventsCalendarManager.swift */; };
		0448C9782349B36C0082369E /* RealmManager.swift in Sources */ = {isa = PBXBuildFile; fileRef = 0448C9772349B36C0082369E /* RealmManager.swift */; };
		045480C423589143000D6BA7 /* SpinnerViewController.swift in Sources */ = {isa = PBXBuildFile; fileRef = 045480C323589143000D6BA7 /* SpinnerViewController.swift */; };
		045480C6235891A7000D6BA7 /* SpinnerViewController+Extension.swift in Sources */ = {isa = PBXBuildFile; fileRef = 045480C5235891A7000D6BA7 /* SpinnerViewController+Extension.swift */; };
		045480C8235895E5000D6BA7 /* WebServiceTests.swift in Sources */ = {isa = PBXBuildFile; fileRef = 045480C7235895E5000D6BA7 /* WebServiceTests.swift */; };
		048EB042235A79F400AFF8B0 /* MockEKEventStore.swift in Sources */ = {isa = PBXBuildFile; fileRef = 048EB03F235A79F300AFF8B0 /* MockEKEventStore.swift */; };
		048FF23E23A1D43A00FFE1AD /* EventsModel.swift in Sources */ = {isa = PBXBuildFile; fileRef = 048FF23A23A1D43A00FFE1AD /* EventsModel.swift */; };
		0493B41F2355BA2B001CC190 /* UIAlertController+Extension.swift in Sources */ = {isa = PBXBuildFile; fileRef = 0493B41C2355BA2B001CC190 /* UIAlertController+Extension.swift */; };
		0493B4202355BA2B001CC190 /* AlertAction.swift in Sources */ = {isa = PBXBuildFile; fileRef = 0493B41D2355BA2B001CC190 /* AlertAction.swift */; };
		0493B4212355BA2B001CC190 /* UIViewController+Extension.swift in Sources */ = {isa = PBXBuildFile; fileRef = 0493B41E2355BA2B001CC190 /* UIViewController+Extension.swift */; };
		04A073BF235082060042A062 /* RealmManagerTests.swift in Sources */ = {isa = PBXBuildFile; fileRef = 04A073BE235082060042A062 /* RealmManagerTests.swift */; };
		04A073C2235141CD0042A062 /* MockError.swift in Sources */ = {isa = PBXBuildFile; fileRef = 04A073C1235141CD0042A062 /* MockError.swift */; };
		04A073C5235148280042A062 /* KeychainManager.swift in Sources */ = {isa = PBXBuildFile; fileRef = 04A073C4235148280042A062 /* KeychainManager.swift */; };
		04A073C72351483E0042A062 /* KeychainManagerTests.swift in Sources */ = {isa = PBXBuildFile; fileRef = 04A073C62351483E0042A062 /* KeychainManagerTests.swift */; };
		04D1C9AA230965C3006FD8F7 /* FontExtension.swift in Sources */ = {isa = PBXBuildFile; fileRef = 04D1C9A9230965C3006FD8F7 /* FontExtension.swift */; };
		04D1C9AC23096764006FD8F7 /* NavigationControllerExtension.swift in Sources */ = {isa = PBXBuildFile; fileRef = 04D1C9AB23096764006FD8F7 /* NavigationControllerExtension.swift */; };
		04E71127234F2E7D003BA780 /* EmployeeSectionModel.swift in Sources */ = {isa = PBXBuildFile; fileRef = 04E71126234F2E7D003BA780 /* EmployeeSectionModel.swift */; };
		04E7112D234F536B003BA780 /* UITableView+Extensions.swift in Sources */ = {isa = PBXBuildFile; fileRef = 04E7112C234F536B003BA780 /* UITableView+Extensions.swift */; };
		04E71131234F53C1003BA780 /* ReusableView.swift in Sources */ = {isa = PBXBuildFile; fileRef = 04E71130234F53C1003BA780 /* ReusableView.swift */; };
		04F0B40D234C360F003819B7 /* RealmEmployee.swift in Sources */ = {isa = PBXBuildFile; fileRef = 04F0B40C234C360F003819B7 /* RealmEmployee.swift */; };
		04F0B40F234C3662003819B7 /* RealmSchedule.swift in Sources */ = {isa = PBXBuildFile; fileRef = 04F0B40E234C3662003819B7 /* RealmSchedule.swift */; };
		04F0B411234C366F003819B7 /* RealmRoster.swift in Sources */ = {isa = PBXBuildFile; fileRef = 04F0B410234C366F003819B7 /* RealmRoster.swift */; };
		04FD56222352D6B5009420B9 /* Bundle+Extension.swift in Sources */ = {isa = PBXBuildFile; fileRef = 04FD56212352D6B5009420B9 /* Bundle+Extension.swift */; };
		221BAC8A917539156B432BE5 /* Pods_EmployeeRosterTests.framework in Frameworks */ = {isa = PBXBuildFile; fileRef = 92F8AFB9E85A1A40857DFB7A /* Pods_EmployeeRosterTests.framework */; };
		5C8A22A50C1223F5240D6115 /* Pods_EmployeeRoster.framework in Frameworks */ = {isa = PBXBuildFile; fileRef = E10E2C90F94CECE929E91EA4 /* Pods_EmployeeRoster.framework */; };
		6302423317141A6E46F29AA1 /* Pods_EmployeeRosterUITests.framework in Frameworks */ = {isa = PBXBuildFile; fileRef = 70E75E62A9749F2432767340 /* Pods_EmployeeRosterUITests.framework */; };
		AF1A481122D4056900436A29 /* EmployeeViewModelTests.swift in Sources */ = {isa = PBXBuildFile; fileRef = AF1A481022D4056900436A29 /* EmployeeViewModelTests.swift */; };
		AF1B099322CC956D00C5EC90 /* AppDelegate.swift in Sources */ = {isa = PBXBuildFile; fileRef = AF1B099222CC956D00C5EC90 /* AppDelegate.swift */; };
		AF1B099522CC956D00C5EC90 /* ViewController.swift in Sources */ = {isa = PBXBuildFile; fileRef = AF1B099422CC956D00C5EC90 /* ViewController.swift */; };
		AF1B099822CC956D00C5EC90 /* Main.storyboard in Resources */ = {isa = PBXBuildFile; fileRef = AF1B099622CC956D00C5EC90 /* Main.storyboard */; };
		AF1B099B22CC956D00C5EC90 /* EmployeeRoster.xcdatamodeld in Sources */ = {isa = PBXBuildFile; fileRef = AF1B099922CC956D00C5EC90 /* EmployeeRoster.xcdatamodeld */; };
		AF1B099D22CC956E00C5EC90 /* Assets.xcassets in Resources */ = {isa = PBXBuildFile; fileRef = AF1B099C22CC956E00C5EC90 /* Assets.xcassets */; };
		AF1B09A022CC956E00C5EC90 /* LaunchScreen.storyboard in Resources */ = {isa = PBXBuildFile; fileRef = AF1B099E22CC956E00C5EC90 /* LaunchScreen.storyboard */; };
		AF1B09AB22CC956E00C5EC90 /* EmployeeRosterTests.swift in Sources */ = {isa = PBXBuildFile; fileRef = AF1B09AA22CC956E00C5EC90 /* EmployeeRosterTests.swift */; };
		AF1B09B622CC956E00C5EC90 /* EmployeeRosterUITests.swift in Sources */ = {isa = PBXBuildFile; fileRef = AF1B09B522CC956E00C5EC90 /* EmployeeRosterUITests.swift */; };
		AF1B09C522CC981800C5EC90 /* GetEmployeeInfoHandler.swift in Sources */ = {isa = PBXBuildFile; fileRef = AF1B09C422CC981800C5EC90 /* GetEmployeeInfoHandler.swift */; };
		AF1B09C922CC987100C5EC90 /* WebServiceProtocol.swift in Sources */ = {isa = PBXBuildFile; fileRef = AF1B09C822CC987100C5EC90 /* WebServiceProtocol.swift */; };
		AF1B09CB22CC988300C5EC90 /* WebService.swift in Sources */ = {isa = PBXBuildFile; fileRef = AF1B09CA22CC988300C5EC90 /* WebService.swift */; };
		AF1B09CD22CC98BF00C5EC90 /* GetEmployeeInfoHandlerProtocol.swift in Sources */ = {isa = PBXBuildFile; fileRef = AF1B09CC22CC98BF00C5EC90 /* GetEmployeeInfoHandlerProtocol.swift */; };
		AF25A28922D3693E001183F9 /* MaterializedSequenceResult.swift in Sources */ = {isa = PBXBuildFile; fileRef = AF25A28822D3693E001183F9 /* MaterializedSequenceResult.swift */; };
		AF25A28B22D36A3E001183F9 /* employee.json in Resources */ = {isa = PBXBuildFile; fileRef = AF25A28A22D36A3E001183F9 /* employee.json */; };
		AF25A28D22D36AC0001183F9 /* MockData.swift in Sources */ = {isa = PBXBuildFile; fileRef = AF25A28C22D36AC0001183F9 /* MockData.swift */; };
		AFC3E6AF22CCA445005A8829 /* EmployeeRosterVC.swift in Sources */ = {isa = PBXBuildFile; fileRef = AFC3E6AE22CCA445005A8829 /* EmployeeRosterVC.swift */; };
		AFC3E6B122CCA45A005A8829 /* EmployeeViewModel.swift in Sources */ = {isa = PBXBuildFile; fileRef = AFC3E6B022CCA45A005A8829 /* EmployeeViewModel.swift */; };
		AFC3E6BA22CCB2F7005A8829 /* RosterModel.swift in Sources */ = {isa = PBXBuildFile; fileRef = AFC3E6B922CCB2F7005A8829 /* RosterModel.swift */; };
		AFC3E6BC22CCB318005A8829 /* ScheduleModel.swift in Sources */ = {isa = PBXBuildFile; fileRef = AFC3E6BB22CCB318005A8829 /* ScheduleModel.swift */; };
		AFC3E6BE22CCB34A005A8829 /* EmployeeModel.swift in Sources */ = {isa = PBXBuildFile; fileRef = AFC3E6BD22CCB34A005A8829 /* EmployeeModel.swift */; };
		AFC3E6C022CCBDD4005A8829 /* EmployeeViewModelProtocol.swift in Sources */ = {isa = PBXBuildFile; fileRef = AFC3E6BF22CCBDD4005A8829 /* EmployeeViewModelProtocol.swift */; };
		AFC3E6C322CCD3BF005A8829 /* RosterTableViewCell.swift in Sources */ = {isa = PBXBuildFile; fileRef = AFC3E6C222CCD3BF005A8829 /* RosterTableViewCell.swift */; };
		AFC3E6C522CCD3D7005A8829 /* EmployeeListCell.swift in Sources */ = {isa = PBXBuildFile; fileRef = AFC3E6C422CCD3D7005A8829 /* EmployeeListCell.swift */; };
		AFC3E6C822CCD4A1005A8829 /* ActivityIndicator.swift in Sources */ = {isa = PBXBuildFile; fileRef = AFC3E6C722CCD4A1005A8829 /* ActivityIndicator.swift */; };
		AFC3E6CB22CCD51C005A8829 /* UIColor+Extension.swift in Sources */ = {isa = PBXBuildFile; fileRef = AFC3E6CA22CCD51C005A8829 /* UIColor+Extension.swift */; };
		AFC3E6D022CCDF34005A8829 /* .swiftlint.yml in Resources */ = {isa = PBXBuildFile; fileRef = AFC3E6CF22CCDF34005A8829 /* .swiftlint.yml */; };
		AFC3E6D222CCE0FD005A8829 /* EmployeeDetailCell.swift in Sources */ = {isa = PBXBuildFile; fileRef = AFC3E6D122CCE0FD005A8829 /* EmployeeDetailCell.swift */; };
		AFC3E6D522CCE700005A8829 /* UIImageViewExtension.swift in Sources */ = {isa = PBXBuildFile; fileRef = AFC3E6D422CCE700005A8829 /* UIImageViewExtension.swift */; };
		AFFD7BC522D1C2440075A006 /* GeneratedMocks.swift in Sources */ = {isa = PBXBuildFile; fileRef = AFFD7BC422D1C2440075A006 /* GeneratedMocks.swift */; };
		AFFD7BC722D1C2BB0075A006 /* GetEmployeeInfoHandlerTests.swift in Sources */ = {isa = PBXBuildFile; fileRef = AFFD7BC622D1C2BB0075A006 /* GetEmployeeInfoHandlerTests.swift */; };
/* End PBXBuildFile section */

/* Begin PBXContainerItemProxy section */
		AF1B09A722CC956E00C5EC90 /* PBXContainerItemProxy */ = {
			isa = PBXContainerItemProxy;
			containerPortal = AF1B098722CC956D00C5EC90 /* Project object */;
			proxyType = 1;
			remoteGlobalIDString = AF1B098E22CC956D00C5EC90;
			remoteInfo = EmployeeRoster;
		};
		AF1B09B222CC956E00C5EC90 /* PBXContainerItemProxy */ = {
			isa = PBXContainerItemProxy;
			containerPortal = AF1B098722CC956D00C5EC90 /* Project object */;
			proxyType = 1;
			remoteGlobalIDString = AF1B098E22CC956D00C5EC90;
			remoteInfo = EmployeeRoster;
		};
/* End PBXContainerItemProxy section */

/* Begin PBXFileReference section */
		0402491D23546C4400478C74 /* DateFormatter+Formatters.swift */ = {isa = PBXFileReference; fileEncoding = 4; lastKnownFileType = sourcecode.swift; path = "DateFormatter+Formatters.swift"; sourceTree = "<group>"; };
		0402491E23546C4400478C74 /* String+Extension .swift */ = {isa = PBXFileReference; fileEncoding = 4; lastKnownFileType = sourcecode.swift; path = "String+Extension .swift"; sourceTree = "<group>"; };
		0402491F23546C4400478C74 /* Date+Extensions.swift */ = {isa = PBXFileReference; fileEncoding = 4; lastKnownFileType = sourcecode.swift; path = "Date+Extensions.swift"; sourceTree = "<group>"; };
		04027652239374EA00860D60 /* generate-swiftgen.sh */ = {isa = PBXFileReference; fileEncoding = 4; lastKnownFileType = text.script.sh; path = "generate-swiftgen.sh"; sourceTree = "<group>"; };
		04027653239374EA00860D60 /* swiftgen.yml */ = {isa = PBXFileReference; fileEncoding = 4; lastKnownFileType = text.yaml; path = swiftgen.yml; sourceTree = "<group>"; };
		040276592393753C00860D60 /* StoryboardSegues.swift */ = {isa = PBXFileReference; fileEncoding = 4; lastKnownFileType = sourcecode.swift; path = StoryboardSegues.swift; sourceTree = "<group>"; };
		0402765A2393753C00860D60 /* StoryboardScenes.swift */ = {isa = PBXFileReference; fileEncoding = 4; lastKnownFileType = sourcecode.swift; path = StoryboardScenes.swift; sourceTree = "<group>"; };
		0402765C2393753C00860D60 /* GeneratedStrings.swift */ = {isa = PBXFileReference; fileEncoding = 4; lastKnownFileType = sourcecode.swift; path = GeneratedStrings.swift; sourceTree = "<group>"; };
		040276602393753C00860D60 /* GeneratedColors.swift */ = {isa = PBXFileReference; fileEncoding = 4; lastKnownFileType = sourcecode.swift; path = GeneratedColors.swift; sourceTree = "<group>"; };
		040276622393753C00860D60 /* GeneratedFonts.swift */ = {isa = PBXFileReference; fileEncoding = 4; lastKnownFileType = sourcecode.swift; path = GeneratedFonts.swift; sourceTree = "<group>"; };
		040276642393753C00860D60 /* Assets.swift */ = {isa = PBXFileReference; fileEncoding = 4; lastKnownFileType = sourcecode.swift; path = Assets.swift; sourceTree = "<group>"; };
		040276662393753C00860D60 /* GeneratedJSONFiles.swift */ = {isa = PBXFileReference; fileEncoding = 4; lastKnownFileType = sourcecode.swift; path = GeneratedJSONFiles.swift; sourceTree = "<group>"; };
		04027671239376DF00860D60 /* StandardColors.txt */ = {isa = PBXFileReference; fileEncoding = 4; lastKnownFileType = text; path = StandardColors.txt; sourceTree = "<group>"; };
		04027673239376DF00860D60 /* DashBoard.strings */ = {isa = PBXFileReference; fileEncoding = 4; lastKnownFileType = text.plist.strings; path = DashBoard.strings; sourceTree = "<group>"; };
		04027674239376DF00860D60 /* Mock.strings */ = {isa = PBXFileReference; fileEncoding = 4; lastKnownFileType = text.plist.strings; path = Mock.strings; sourceTree = "<group>"; };
		0402767823938EAF00860D60 /* Icons.xcassets */ = {isa = PBXFileReference; lastKnownFileType = folder.assetcatalog; path = Icons.xcassets; sourceTree = "<group>"; };
		0407F32323084190001E66A0 /* GothamRounded-Medium.otf */ = {isa = PBXFileReference; lastKnownFileType = file; path = "GothamRounded-Medium.otf"; sourceTree = "<group>"; };
		0407F32423084190001E66A0 /* GothamRounded-Bold.otf */ = {isa = PBXFileReference; lastKnownFileType = file; path = "GothamRounded-Bold.otf"; sourceTree = "<group>"; };
		0407F32523084190001E66A0 /* GothamRounded-Light.otf */ = {isa = PBXFileReference; lastKnownFileType = file; path = "GothamRounded-Light.otf"; sourceTree = "<group>"; };
		0407F329230841ED001E66A0 /* ColourExtension.swift */ = {isa = PBXFileReference; lastKnownFileType = sourcecode.swift; path = ColourExtension.swift; sourceTree = "<group>"; };
		0447E5C823A32E34009BAC51 /* MockEventsCalendarManager.swift */ = {isa = PBXFileReference; lastKnownFileType = sourcecode.swift; path = MockEventsCalendarManager.swift; sourceTree = "<group>"; };
		0448C9772349B36C0082369E /* RealmManager.swift */ = {isa = PBXFileReference; lastKnownFileType = sourcecode.swift; path = RealmManager.swift; sourceTree = "<group>"; };
		045480C323589143000D6BA7 /* SpinnerViewController.swift */ = {isa = PBXFileReference; lastKnownFileType = sourcecode.swift; path = SpinnerViewController.swift; sourceTree = "<group>"; };
		045480C5235891A7000D6BA7 /* SpinnerViewController+Extension.swift */ = {isa = PBXFileReference; lastKnownFileType = sourcecode.swift; path = "SpinnerViewController+Extension.swift"; sourceTree = "<group>"; };
		045480C7235895E5000D6BA7 /* WebServiceTests.swift */ = {isa = PBXFileReference; fileEncoding = 4; lastKnownFileType = sourcecode.swift; path = WebServiceTests.swift; sourceTree = "<group>"; };
		048EB03F235A79F300AFF8B0 /* MockEKEventStore.swift */ = {isa = PBXFileReference; fileEncoding = 4; lastKnownFileType = sourcecode.swift; path = MockEKEventStore.swift; sourceTree = "<group>"; };
		048FF23A23A1D43A00FFE1AD /* EventsModel.swift */ = {isa = PBXFileReference; fileEncoding = 4; lastKnownFileType = sourcecode.swift; path = EventsModel.swift; sourceTree = "<group>"; };
		0493B41C2355BA2B001CC190 /* UIAlertController+Extension.swift */ = {isa = PBXFileReference; fileEncoding = 4; lastKnownFileType = sourcecode.swift; path = "UIAlertController+Extension.swift"; sourceTree = "<group>"; };
		0493B41D2355BA2B001CC190 /* AlertAction.swift */ = {isa = PBXFileReference; fileEncoding = 4; lastKnownFileType = sourcecode.swift; path = AlertAction.swift; sourceTree = "<group>"; };
		0493B41E2355BA2B001CC190 /* UIViewController+Extension.swift */ = {isa = PBXFileReference; fileEncoding = 4; lastKnownFileType = sourcecode.swift; path = "UIViewController+Extension.swift"; sourceTree = "<group>"; };
		04A073BE235082060042A062 /* RealmManagerTests.swift */ = {isa = PBXFileReference; lastKnownFileType = sourcecode.swift; path = RealmManagerTests.swift; sourceTree = "<group>"; };
		04A073C1235141CD0042A062 /* MockError.swift */ = {isa = PBXFileReference; lastKnownFileType = sourcecode.swift; path = MockError.swift; sourceTree = "<group>"; };
		04A073C4235148280042A062 /* KeychainManager.swift */ = {isa = PBXFileReference; fileEncoding = 4; lastKnownFileType = sourcecode.swift; path = KeychainManager.swift; sourceTree = "<group>"; };
		04A073C62351483E0042A062 /* KeychainManagerTests.swift */ = {isa = PBXFileReference; fileEncoding = 4; lastKnownFileType = sourcecode.swift; path = KeychainManagerTests.swift; sourceTree = "<group>"; };
		04D1C9A9230965C3006FD8F7 /* FontExtension.swift */ = {isa = PBXFileReference; lastKnownFileType = sourcecode.swift; path = FontExtension.swift; sourceTree = "<group>"; };
		04D1C9AB23096764006FD8F7 /* NavigationControllerExtension.swift */ = {isa = PBXFileReference; lastKnownFileType = sourcecode.swift; path = NavigationControllerExtension.swift; sourceTree = "<group>"; };
		04E71126234F2E7D003BA780 /* EmployeeSectionModel.swift */ = {isa = PBXFileReference; lastKnownFileType = sourcecode.swift; path = EmployeeSectionModel.swift; sourceTree = "<group>"; };
		04E7112C234F536B003BA780 /* UITableView+Extensions.swift */ = {isa = PBXFileReference; lastKnownFileType = sourcecode.swift; path = "UITableView+Extensions.swift"; sourceTree = "<group>"; };
		04E71130234F53C1003BA780 /* ReusableView.swift */ = {isa = PBXFileReference; lastKnownFileType = sourcecode.swift; path = ReusableView.swift; sourceTree = "<group>"; };
		04F0B40C234C360F003819B7 /* RealmEmployee.swift */ = {isa = PBXFileReference; lastKnownFileType = sourcecode.swift; path = RealmEmployee.swift; sourceTree = "<group>"; };
		04F0B40E234C3662003819B7 /* RealmSchedule.swift */ = {isa = PBXFileReference; lastKnownFileType = sourcecode.swift; path = RealmSchedule.swift; sourceTree = "<group>"; };
		04F0B410234C366F003819B7 /* RealmRoster.swift */ = {isa = PBXFileReference; lastKnownFileType = sourcecode.swift; path = RealmRoster.swift; sourceTree = "<group>"; };
		04FD56212352D6B5009420B9 /* Bundle+Extension.swift */ = {isa = PBXFileReference; lastKnownFileType = sourcecode.swift; path = "Bundle+Extension.swift"; sourceTree = "<group>"; };
		0718CCDE6143713203A9D7B8 /* Pods-EmployeeRosterTests.release.xcconfig */ = {isa = PBXFileReference; includeInIndex = 1; lastKnownFileType = text.xcconfig; name = "Pods-EmployeeRosterTests.release.xcconfig"; path = "Target Support Files/Pods-EmployeeRosterTests/Pods-EmployeeRosterTests.release.xcconfig"; sourceTree = "<group>"; };
		4BF38923BD0CEC33E0435252 /* Pods-EmployeeRoster.debug.xcconfig */ = {isa = PBXFileReference; includeInIndex = 1; lastKnownFileType = text.xcconfig; name = "Pods-EmployeeRoster.debug.xcconfig"; path = "Target Support Files/Pods-EmployeeRoster/Pods-EmployeeRoster.debug.xcconfig"; sourceTree = "<group>"; };
		54DB1A68239D1D777C11D304 /* Pods-EmployeeRoster.release.xcconfig */ = {isa = PBXFileReference; includeInIndex = 1; lastKnownFileType = text.xcconfig; name = "Pods-EmployeeRoster.release.xcconfig"; path = "Target Support Files/Pods-EmployeeRoster/Pods-EmployeeRoster.release.xcconfig"; sourceTree = "<group>"; };
		70E75E62A9749F2432767340 /* Pods_EmployeeRosterUITests.framework */ = {isa = PBXFileReference; explicitFileType = wrapper.framework; includeInIndex = 0; path = Pods_EmployeeRosterUITests.framework; sourceTree = BUILT_PRODUCTS_DIR; };
		73B5E33942EEEF48B91ABFAF /* Pods-EmployeeRosterUITests.debug.xcconfig */ = {isa = PBXFileReference; includeInIndex = 1; lastKnownFileType = text.xcconfig; name = "Pods-EmployeeRosterUITests.debug.xcconfig"; path = "Target Support Files/Pods-EmployeeRosterUITests/Pods-EmployeeRosterUITests.debug.xcconfig"; sourceTree = "<group>"; };
		92F8AFB9E85A1A40857DFB7A /* Pods_EmployeeRosterTests.framework */ = {isa = PBXFileReference; explicitFileType = wrapper.framework; includeInIndex = 0; path = Pods_EmployeeRosterTests.framework; sourceTree = BUILT_PRODUCTS_DIR; };
		A3DFB27D207C73995483DC74 /* Pods-EmployeeRosterTests.debug.xcconfig */ = {isa = PBXFileReference; includeInIndex = 1; lastKnownFileType = text.xcconfig; name = "Pods-EmployeeRosterTests.debug.xcconfig"; path = "Target Support Files/Pods-EmployeeRosterTests/Pods-EmployeeRosterTests.debug.xcconfig"; sourceTree = "<group>"; };
		A71DCB1334F1EDB1B6D396FE /* Pods-EmployeeRosterUITests.release.xcconfig */ = {isa = PBXFileReference; includeInIndex = 1; lastKnownFileType = text.xcconfig; name = "Pods-EmployeeRosterUITests.release.xcconfig"; path = "Target Support Files/Pods-EmployeeRosterUITests/Pods-EmployeeRosterUITests.release.xcconfig"; sourceTree = "<group>"; };
		AF1A481022D4056900436A29 /* EmployeeViewModelTests.swift */ = {isa = PBXFileReference; lastKnownFileType = sourcecode.swift; path = EmployeeViewModelTests.swift; sourceTree = "<group>"; };
		AF1B098F22CC956D00C5EC90 /* EmployeeRoster.app */ = {isa = PBXFileReference; explicitFileType = wrapper.application; includeInIndex = 0; path = EmployeeRoster.app; sourceTree = BUILT_PRODUCTS_DIR; };
		AF1B099222CC956D00C5EC90 /* AppDelegate.swift */ = {isa = PBXFileReference; lastKnownFileType = sourcecode.swift; path = AppDelegate.swift; sourceTree = "<group>"; };
		AF1B099422CC956D00C5EC90 /* ViewController.swift */ = {isa = PBXFileReference; lastKnownFileType = sourcecode.swift; path = ViewController.swift; sourceTree = "<group>"; };
		AF1B099722CC956D00C5EC90 /* Base */ = {isa = PBXFileReference; lastKnownFileType = file.storyboard; name = Base; path = Base.lproj/Main.storyboard; sourceTree = "<group>"; };
		AF1B099A22CC956D00C5EC90 /* EmployeeRoster.xcdatamodel */ = {isa = PBXFileReference; lastKnownFileType = wrapper.xcdatamodel; path = EmployeeRoster.xcdatamodel; sourceTree = "<group>"; };
		AF1B099C22CC956E00C5EC90 /* Assets.xcassets */ = {isa = PBXFileReference; lastKnownFileType = folder.assetcatalog; path = Assets.xcassets; sourceTree = "<group>"; };
		AF1B099F22CC956E00C5EC90 /* Base */ = {isa = PBXFileReference; lastKnownFileType = file.storyboard; name = Base; path = Base.lproj/LaunchScreen.storyboard; sourceTree = "<group>"; };
		AF1B09A122CC956E00C5EC90 /* Info.plist */ = {isa = PBXFileReference; lastKnownFileType = text.plist.xml; path = Info.plist; sourceTree = "<group>"; };
		AF1B09A622CC956E00C5EC90 /* EmployeeRosterTests.xctest */ = {isa = PBXFileReference; explicitFileType = wrapper.cfbundle; includeInIndex = 0; path = EmployeeRosterTests.xctest; sourceTree = BUILT_PRODUCTS_DIR; };
		AF1B09AA22CC956E00C5EC90 /* EmployeeRosterTests.swift */ = {isa = PBXFileReference; lastKnownFileType = sourcecode.swift; path = EmployeeRosterTests.swift; sourceTree = "<group>"; };
		AF1B09AC22CC956E00C5EC90 /* Info.plist */ = {isa = PBXFileReference; lastKnownFileType = text.plist.xml; path = Info.plist; sourceTree = "<group>"; };
		AF1B09B122CC956E00C5EC90 /* EmployeeRosterUITests.xctest */ = {isa = PBXFileReference; explicitFileType = wrapper.cfbundle; includeInIndex = 0; path = EmployeeRosterUITests.xctest; sourceTree = BUILT_PRODUCTS_DIR; };
		AF1B09B522CC956E00C5EC90 /* EmployeeRosterUITests.swift */ = {isa = PBXFileReference; lastKnownFileType = sourcecode.swift; path = EmployeeRosterUITests.swift; sourceTree = "<group>"; };
		AF1B09B722CC956E00C5EC90 /* Info.plist */ = {isa = PBXFileReference; lastKnownFileType = text.plist.xml; path = Info.plist; sourceTree = "<group>"; };
		AF1B09C422CC981800C5EC90 /* GetEmployeeInfoHandler.swift */ = {isa = PBXFileReference; lastKnownFileType = sourcecode.swift; path = GetEmployeeInfoHandler.swift; sourceTree = "<group>"; };
		AF1B09C822CC987100C5EC90 /* WebServiceProtocol.swift */ = {isa = PBXFileReference; lastKnownFileType = sourcecode.swift; path = WebServiceProtocol.swift; sourceTree = "<group>"; };
		AF1B09CA22CC988300C5EC90 /* WebService.swift */ = {isa = PBXFileReference; lastKnownFileType = sourcecode.swift; path = WebService.swift; sourceTree = "<group>"; };
		AF1B09CC22CC98BF00C5EC90 /* GetEmployeeInfoHandlerProtocol.swift */ = {isa = PBXFileReference; lastKnownFileType = sourcecode.swift; path = GetEmployeeInfoHandlerProtocol.swift; sourceTree = "<group>"; };
		AF25A28822D3693E001183F9 /* MaterializedSequenceResult.swift */ = {isa = PBXFileReference; lastKnownFileType = sourcecode.swift; path = MaterializedSequenceResult.swift; sourceTree = "<group>"; };
		AF25A28A22D36A3E001183F9 /* employee.json */ = {isa = PBXFileReference; lastKnownFileType = text.json; path = employee.json; sourceTree = "<group>"; };
		AF25A28C22D36AC0001183F9 /* MockData.swift */ = {isa = PBXFileReference; lastKnownFileType = sourcecode.swift; path = MockData.swift; sourceTree = "<group>"; };
		AFC3E6AE22CCA445005A8829 /* EmployeeRosterVC.swift */ = {isa = PBXFileReference; lastKnownFileType = sourcecode.swift; path = EmployeeRosterVC.swift; sourceTree = "<group>"; };
		AFC3E6B022CCA45A005A8829 /* EmployeeViewModel.swift */ = {isa = PBXFileReference; lastKnownFileType = sourcecode.swift; path = EmployeeViewModel.swift; sourceTree = "<group>"; };
		AFC3E6B922CCB2F7005A8829 /* RosterModel.swift */ = {isa = PBXFileReference; lastKnownFileType = sourcecode.swift; path = RosterModel.swift; sourceTree = "<group>"; };
		AFC3E6BB22CCB318005A8829 /* ScheduleModel.swift */ = {isa = PBXFileReference; lastKnownFileType = sourcecode.swift; path = ScheduleModel.swift; sourceTree = "<group>"; };
		AFC3E6BD22CCB34A005A8829 /* EmployeeModel.swift */ = {isa = PBXFileReference; lastKnownFileType = sourcecode.swift; path = EmployeeModel.swift; sourceTree = "<group>"; };
		AFC3E6BF22CCBDD4005A8829 /* EmployeeViewModelProtocol.swift */ = {isa = PBXFileReference; lastKnownFileType = sourcecode.swift; path = EmployeeViewModelProtocol.swift; sourceTree = "<group>"; };
		AFC3E6C222CCD3BF005A8829 /* RosterTableViewCell.swift */ = {isa = PBXFileReference; lastKnownFileType = sourcecode.swift; path = RosterTableViewCell.swift; sourceTree = "<group>"; };
		AFC3E6C422CCD3D7005A8829 /* EmployeeListCell.swift */ = {isa = PBXFileReference; lastKnownFileType = sourcecode.swift; path = EmployeeListCell.swift; sourceTree = "<group>"; };
		AFC3E6C722CCD4A1005A8829 /* ActivityIndicator.swift */ = {isa = PBXFileReference; lastKnownFileType = sourcecode.swift; path = ActivityIndicator.swift; sourceTree = "<group>"; };
		AFC3E6CA22CCD51C005A8829 /* UIColor+Extension.swift */ = {isa = PBXFileReference; lastKnownFileType = sourcecode.swift; path = "UIColor+Extension.swift"; sourceTree = "<group>"; };
		AFC3E6CF22CCDF34005A8829 /* .swiftlint.yml */ = {isa = PBXFileReference; lastKnownFileType = text; path = .swiftlint.yml; sourceTree = "<group>"; };
		AFC3E6D122CCE0FD005A8829 /* EmployeeDetailCell.swift */ = {isa = PBXFileReference; lastKnownFileType = sourcecode.swift; path = EmployeeDetailCell.swift; sourceTree = "<group>"; };
		AFC3E6D422CCE700005A8829 /* UIImageViewExtension.swift */ = {isa = PBXFileReference; lastKnownFileType = sourcecode.swift; path = UIImageViewExtension.swift; sourceTree = "<group>"; };
		AFFD7BC322D1C1940075A006 /* Cuckoo-GeneratedMocks.sh */ = {isa = PBXFileReference; lastKnownFileType = text.script.sh; path = "Cuckoo-GeneratedMocks.sh"; sourceTree = "<group>"; };
		AFFD7BC422D1C2440075A006 /* GeneratedMocks.swift */ = {isa = PBXFileReference; fileEncoding = 4; lastKnownFileType = sourcecode.swift; path = GeneratedMocks.swift; sourceTree = "<group>"; };
		AFFD7BC622D1C2BB0075A006 /* GetEmployeeInfoHandlerTests.swift */ = {isa = PBXFileReference; lastKnownFileType = sourcecode.swift; path = GetEmployeeInfoHandlerTests.swift; sourceTree = "<group>"; };
		E10E2C90F94CECE929E91EA4 /* Pods_EmployeeRoster.framework */ = {isa = PBXFileReference; explicitFileType = wrapper.framework; includeInIndex = 0; path = Pods_EmployeeRoster.framework; sourceTree = BUILT_PRODUCTS_DIR; };
/* End PBXFileReference section */

/* Begin PBXFrameworksBuildPhase section */
		AF1B098C22CC956D00C5EC90 /* Frameworks */ = {
			isa = PBXFrameworksBuildPhase;
			buildActionMask = 2147483647;
			files = (
				5C8A22A50C1223F5240D6115 /* Pods_EmployeeRoster.framework in Frameworks */,
			);
			runOnlyForDeploymentPostprocessing = 0;
		};
		AF1B09A322CC956E00C5EC90 /* Frameworks */ = {
			isa = PBXFrameworksBuildPhase;
			buildActionMask = 2147483647;
			files = (
				221BAC8A917539156B432BE5 /* Pods_EmployeeRosterTests.framework in Frameworks */,
			);
			runOnlyForDeploymentPostprocessing = 0;
		};
		AF1B09AE22CC956E00C5EC90 /* Frameworks */ = {
			isa = PBXFrameworksBuildPhase;
			buildActionMask = 2147483647;
			files = (
				6302423317141A6E46F29AA1 /* Pods_EmployeeRosterUITests.framework in Frameworks */,
			);
			runOnlyForDeploymentPostprocessing = 0;
		};
/* End PBXFrameworksBuildPhase section */

/* Begin PBXGroup section */
		0402415623507BBE007A3164 /* Utility */ = {
			isa = PBXGroup;
			children = (
				045480C223589134000D6BA7 /* SpinnerViewController */,
				AFC3E6D322CCE6B7005A8829 /* Extension */,
				0493B41B2355BA2B001CC190 /* AlertControllerExtension */,
				04FD56002352AB75009420B9 /* EventKitManager */,
				04A073C3235148280042A062 /* KeychainManager */,
				0448C9742349B0550082369E /* RealmManager */,
			);
			path = Utility;
			sourceTree = "<group>";
		};
		0402491C23546C4400478C74 /* DateExtensions */ = {
			isa = PBXGroup;
			children = (
				0402491D23546C4400478C74 /* DateFormatter+Formatters.swift */,
				0402491E23546C4400478C74 /* String+Extension .swift */,
				0402491F23546C4400478C74 /* Date+Extensions.swift */,
			);
			path = DateExtensions;
			sourceTree = "<group>";
		};
		040276562393753C00860D60 /* Generated */ = {
			isa = PBXGroup;
			children = (
				040276572393753C00860D60 /* SwiftGen */,
			);
			path = Generated;
			sourceTree = "<group>";
		};
		040276572393753C00860D60 /* SwiftGen */ = {
			isa = PBXGroup;
			children = (
				040276582393753C00860D60 /* Storyboards */,
				0402765B2393753C00860D60 /* Strings */,
				0402765F2393753C00860D60 /* Colors */,
				040276612393753C00860D60 /* Fonts */,
				040276632393753C00860D60 /* Assets */,
				040276652393753C00860D60 /* JSONFiles */,
			);
			path = SwiftGen;
			sourceTree = "<group>";
		};
		040276582393753C00860D60 /* Storyboards */ = {
			isa = PBXGroup;
			children = (
				040276592393753C00860D60 /* StoryboardSegues.swift */,
				0402765A2393753C00860D60 /* StoryboardScenes.swift */,
			);
			path = Storyboards;
			sourceTree = "<group>";
		};
		0402765B2393753C00860D60 /* Strings */ = {
			isa = PBXGroup;
			children = (
				0402765C2393753C00860D60 /* GeneratedStrings.swift */,
			);
			path = Strings;
			sourceTree = "<group>";
		};
		0402765F2393753C00860D60 /* Colors */ = {
			isa = PBXGroup;
			children = (
				040276602393753C00860D60 /* GeneratedColors.swift */,
			);
			path = Colors;
			sourceTree = "<group>";
		};
		040276612393753C00860D60 /* Fonts */ = {
			isa = PBXGroup;
			children = (
				040276622393753C00860D60 /* GeneratedFonts.swift */,
			);
			path = Fonts;
			sourceTree = "<group>";
		};
		040276632393753C00860D60 /* Assets */ = {
			isa = PBXGroup;
			children = (
				040276642393753C00860D60 /* Assets.swift */,
			);
			path = Assets;
			sourceTree = "<group>";
		};
		040276652393753C00860D60 /* JSONFiles */ = {
			isa = PBXGroup;
			children = (
				040276662393753C00860D60 /* GeneratedJSONFiles.swift */,
			);
			path = JSONFiles;
			sourceTree = "<group>";
		};
		0402766F2393769500860D60 /* MockResources */ = {
			isa = PBXGroup;
			children = (
				AF25A28A22D36A3E001183F9 /* employee.json */,
			);
			path = MockResources;
			sourceTree = "<group>";
		};
		04027670239376DF00860D60 /* Colors */ = {
			isa = PBXGroup;
			children = (
				04027671239376DF00860D60 /* StandardColors.txt */,
			);
			path = Colors;
			sourceTree = "<group>";
		};
		04027672239376DF00860D60 /* Strings */ = {
			isa = PBXGroup;
			children = (
				04027673239376DF00860D60 /* DashBoard.strings */,
				04027674239376DF00860D60 /* Mock.strings */,
			);
			path = Strings;
			sourceTree = "<group>";
		};
		0407F32123084180001E66A0 /* Resources */ = {
			isa = PBXGroup;
			children = (
				0402767823938EAF00860D60 /* Icons.xcassets */,
				AF1B099C22CC956E00C5EC90 /* Assets.xcassets */,
				04027670239376DF00860D60 /* Colors */,
				04027672239376DF00860D60 /* Strings */,
				0407F32223084190001E66A0 /* Fonts */,
			);
			path = Resources;
			sourceTree = "<group>";
		};
		0407F32223084190001E66A0 /* Fonts */ = {
			isa = PBXGroup;
			children = (
				0407F32323084190001E66A0 /* GothamRounded-Medium.otf */,
				0407F32423084190001E66A0 /* GothamRounded-Bold.otf */,
				0407F32523084190001E66A0 /* GothamRounded-Light.otf */,
			);
			path = Fonts;
			sourceTree = "<group>";
		};
		0448C9742349B0550082369E /* RealmManager */ = {
			isa = PBXGroup;
			children = (
				0448C9772349B36C0082369E /* RealmManager.swift */,
			);
			path = RealmManager;
			sourceTree = "<group>";
		};
		045480C223589134000D6BA7 /* SpinnerViewController */ = {
			isa = PBXGroup;
			children = (
				045480C323589143000D6BA7 /* SpinnerViewController.swift */,
				045480C5235891A7000D6BA7 /* SpinnerViewController+Extension.swift */,
			);
			path = SpinnerViewController;
			sourceTree = "<group>";
		};
		048EB03E235A79F300AFF8B0 /* MockEventKitManager */ = {
			isa = PBXGroup;
			children = (
				048EB03F235A79F300AFF8B0 /* MockEKEventStore.swift */,
				0447E5C823A32E34009BAC51 /* MockEventsCalendarManager.swift */,
			);
			path = MockEventKitManager;
			sourceTree = "<group>";
		};
		048FF23723A1D43A00FFE1AD /* EventKitUtility */ = {
			isa = PBXGroup;
			children = (
				048FF23A23A1D43A00FFE1AD /* EventsModel.swift */,
			);
			path = EventKitUtility;
			sourceTree = "<group>";
		};
		0493B41B2355BA2B001CC190 /* AlertControllerExtension */ = {
			isa = PBXGroup;
			children = (
				0493B41C2355BA2B001CC190 /* UIAlertController+Extension.swift */,
				0493B41D2355BA2B001CC190 /* AlertAction.swift */,
				0493B41E2355BA2B001CC190 /* UIViewController+Extension.swift */,
			);
			path = AlertControllerExtension;
			sourceTree = "<group>";
		};
		04A073C3235148280042A062 /* KeychainManager */ = {
			isa = PBXGroup;
			children = (
				04A073C4235148280042A062 /* KeychainManager.swift */,
			);
			path = KeychainManager;
			sourceTree = "<group>";
		};
		04E7112E234F53A4003BA780 /* Views */ = {
			isa = PBXGroup;
			children = (
				AFC3E6C122CCD3A2005A8829 /* TableViewCell */,
				04E7112F234F53B1003BA780 /* CustomViews */,
			);
			path = Views;
			sourceTree = "<group>";
		};
		04E7112F234F53B1003BA780 /* CustomViews */ = {
			isa = PBXGroup;
			children = (
				04E71130234F53C1003BA780 /* ReusableView.swift */,
			);
			path = CustomViews;
			sourceTree = "<group>";
		};
		04F0B40A234C35D3003819B7 /* Database */ = {
			isa = PBXGroup;
			children = (
				04F0B40C234C360F003819B7 /* RealmEmployee.swift */,
				04F0B40E234C3662003819B7 /* RealmSchedule.swift */,
				04F0B410234C366F003819B7 /* RealmRoster.swift */,
			);
			path = Database;
			sourceTree = "<group>";
		};
		04F0B40B234C35E1003819B7 /* Server */ = {
			isa = PBXGroup;
			children = (
				AFC3E6BD22CCB34A005A8829 /* EmployeeModel.swift */,
				AFC3E6BB22CCB318005A8829 /* ScheduleModel.swift */,
				AFC3E6B922CCB2F7005A8829 /* RosterModel.swift */,
				04E71126234F2E7D003BA780 /* EmployeeSectionModel.swift */,
			);
			path = Server;
			sourceTree = "<group>";
		};
		04FD56002352AB75009420B9 /* EventKitManager */ = {
			isa = PBXGroup;
			children = (
				048FF23723A1D43A00FFE1AD /* EventKitUtility */,
			);
			path = EventKitManager;
			sourceTree = "<group>";
		};
		315346FCC84884FD337D36C4 /* Frameworks */ = {
			isa = PBXGroup;
			children = (
				E10E2C90F94CECE929E91EA4 /* Pods_EmployeeRoster.framework */,
				92F8AFB9E85A1A40857DFB7A /* Pods_EmployeeRosterTests.framework */,
				70E75E62A9749F2432767340 /* Pods_EmployeeRosterUITests.framework */,
			);
			name = Frameworks;
			sourceTree = "<group>";
		};
		AF1B098622CC956D00C5EC90 = {
			isa = PBXGroup;
			children = (
				AFFD7BC222D1C1760075A006 /* BuildScripts */,
				AF1B099122CC956D00C5EC90 /* EmployeeRoster */,
				AF1B09A922CC956E00C5EC90 /* EmployeeRosterTests */,
				AF1B09B422CC956E00C5EC90 /* EmployeeRosterUITests */,
				AF1B099022CC956D00C5EC90 /* Products */,
				D07C0B252A69B67D07917D43 /* Pods */,
				315346FCC84884FD337D36C4 /* Frameworks */,
			);
			sourceTree = "<group>";
		};
		AF1B099022CC956D00C5EC90 /* Products */ = {
			isa = PBXGroup;
			children = (
				AF1B098F22CC956D00C5EC90 /* EmployeeRoster.app */,
				AF1B09A622CC956E00C5EC90 /* EmployeeRosterTests.xctest */,
				AF1B09B122CC956E00C5EC90 /* EmployeeRosterUITests.xctest */,
			);
			name = Products;
			sourceTree = "<group>";
		};
		AF1B099122CC956D00C5EC90 /* EmployeeRoster */ = {
			isa = PBXGroup;
			children = (
				AFC3E6C622CCD488005A8829 /* Helper */,
				AFC3E6AC22CCA3EE005A8829 /* Model */,
				AFC3E6AB22CCA3E7005A8829 /* ViewModel */,
				AFC3E6AD22CCA3F4005A8829 /* ViewController */,
				04E7112E234F53A4003BA780 /* Views */,
				AF1B09C622CC985300C5EC90 /* Service */,
				0402415623507BBE007A3164 /* Utility */,
				0407F32123084180001E66A0 /* Resources */,
				040276562393753C00860D60 /* Generated */,
				AF1B099222CC956D00C5EC90 /* AppDelegate.swift */,
				AF1B099422CC956D00C5EC90 /* ViewController.swift */,
				AF1B099622CC956D00C5EC90 /* Main.storyboard */,
				AF1B099E22CC956E00C5EC90 /* LaunchScreen.storyboard */,
				AF1B09A122CC956E00C5EC90 /* Info.plist */,
				AF1B099922CC956D00C5EC90 /* EmployeeRoster.xcdatamodeld */,
			);
			path = EmployeeRoster;
			sourceTree = "<group>";
		};
		AF1B09A922CC956E00C5EC90 /* EmployeeRosterTests */ = {
			isa = PBXGroup;
			children = (
				0402766F2393769500860D60 /* MockResources */,
				048EB03E235A79F300AFF8B0 /* MockEventKitManager */,
				AFFD7BC422D1C2440075A006 /* GeneratedMocks.swift */,
				04A073C1235141CD0042A062 /* MockError.swift */,
				AF25A28C22D36AC0001183F9 /* MockData.swift */,
				AF25A28822D3693E001183F9 /* MaterializedSequenceResult.swift */,
				AFFD7BC622D1C2BB0075A006 /* GetEmployeeInfoHandlerTests.swift */,
				045480C7235895E5000D6BA7 /* WebServiceTests.swift */,
				AF1A481022D4056900436A29 /* EmployeeViewModelTests.swift */,
				04A073BE235082060042A062 /* RealmManagerTests.swift */,
				04A073C62351483E0042A062 /* KeychainManagerTests.swift */,
				AF1B09AA22CC956E00C5EC90 /* EmployeeRosterTests.swift */,
				AF1B09AC22CC956E00C5EC90 /* Info.plist */,
			);
			path = EmployeeRosterTests;
			sourceTree = "<group>";
		};
		AF1B09B422CC956E00C5EC90 /* EmployeeRosterUITests */ = {
			isa = PBXGroup;
			children = (
				AF1B09B522CC956E00C5EC90 /* EmployeeRosterUITests.swift */,
				AF1B09B722CC956E00C5EC90 /* Info.plist */,
			);
			path = EmployeeRosterUITests;
			sourceTree = "<group>";
		};
		AF1B09C322CC97EB00C5EC90 /* APIHandler */ = {
			isa = PBXGroup;
			children = (
				AF1B09CC22CC98BF00C5EC90 /* GetEmployeeInfoHandlerProtocol.swift */,
				AF1B09C422CC981800C5EC90 /* GetEmployeeInfoHandler.swift */,
			);
			path = APIHandler;
			sourceTree = "<group>";
		};
		AF1B09C622CC985300C5EC90 /* Service */ = {
			isa = PBXGroup;
			children = (
				AF1B09C722CC985F00C5EC90 /* WebService */,
				AF1B09C322CC97EB00C5EC90 /* APIHandler */,
			);
			path = Service;
			sourceTree = "<group>";
		};
		AF1B09C722CC985F00C5EC90 /* WebService */ = {
			isa = PBXGroup;
			children = (
				AF1B09C822CC987100C5EC90 /* WebServiceProtocol.swift */,
				AF1B09CA22CC988300C5EC90 /* WebService.swift */,
			);
			path = WebService;
			sourceTree = "<group>";
		};
		AFC3E6AB22CCA3E7005A8829 /* ViewModel */ = {
			isa = PBXGroup;
			children = (
				AFC3E6BF22CCBDD4005A8829 /* EmployeeViewModelProtocol.swift */,
				AFC3E6B022CCA45A005A8829 /* EmployeeViewModel.swift */,
			);
			path = ViewModel;
			sourceTree = "<group>";
		};
		AFC3E6AC22CCA3EE005A8829 /* Model */ = {
			isa = PBXGroup;
			children = (
				04F0B40A234C35D3003819B7 /* Database */,
				04F0B40B234C35E1003819B7 /* Server */,
			);
			path = Model;
			sourceTree = "<group>";
		};
		AFC3E6AD22CCA3F4005A8829 /* ViewController */ = {
			isa = PBXGroup;
			children = (
				AFC3E6AE22CCA445005A8829 /* EmployeeRosterVC.swift */,
			);
			path = ViewController;
			sourceTree = "<group>";
		};
		AFC3E6C122CCD3A2005A8829 /* TableViewCell */ = {
			isa = PBXGroup;
			children = (
				AFC3E6C222CCD3BF005A8829 /* RosterTableViewCell.swift */,
				AFC3E6C422CCD3D7005A8829 /* EmployeeListCell.swift */,
				AFC3E6D122CCE0FD005A8829 /* EmployeeDetailCell.swift */,
			);
			path = TableViewCell;
			sourceTree = "<group>";
		};
		AFC3E6C622CCD488005A8829 /* Helper */ = {
			isa = PBXGroup;
			children = (
				AFC3E6C722CCD4A1005A8829 /* ActivityIndicator.swift */,
			);
			path = Helper;
			sourceTree = "<group>";
		};
		AFC3E6D322CCE6B7005A8829 /* Extension */ = {
			isa = PBXGroup;
			children = (
				0402491C23546C4400478C74 /* DateExtensions */,
				AFC3E6D422CCE700005A8829 /* UIImageViewExtension.swift */,
				0407F329230841ED001E66A0 /* ColourExtension.swift */,
				04D1C9A9230965C3006FD8F7 /* FontExtension.swift */,
				AFC3E6CA22CCD51C005A8829 /* UIColor+Extension.swift */,
				04D1C9AB23096764006FD8F7 /* NavigationControllerExtension.swift */,
				04E7112C234F536B003BA780 /* UITableView+Extensions.swift */,
				04FD56212352D6B5009420B9 /* Bundle+Extension.swift */,
			);
			path = Extension;
			sourceTree = "<group>";
		};
		AFFD7BC222D1C1760075A006 /* BuildScripts */ = {
			isa = PBXGroup;
			children = (
				04027652239374EA00860D60 /* generate-swiftgen.sh */,
				04027653239374EA00860D60 /* swiftgen.yml */,
				AFC3E6CF22CCDF34005A8829 /* .swiftlint.yml */,
				AFFD7BC322D1C1940075A006 /* Cuckoo-GeneratedMocks.sh */,
			);
			name = BuildScripts;
			sourceTree = "<group>";
		};
		D07C0B252A69B67D07917D43 /* Pods */ = {
			isa = PBXGroup;
			children = (
				4BF38923BD0CEC33E0435252 /* Pods-EmployeeRoster.debug.xcconfig */,
				54DB1A68239D1D777C11D304 /* Pods-EmployeeRoster.release.xcconfig */,
				A3DFB27D207C73995483DC74 /* Pods-EmployeeRosterTests.debug.xcconfig */,
				0718CCDE6143713203A9D7B8 /* Pods-EmployeeRosterTests.release.xcconfig */,
				73B5E33942EEEF48B91ABFAF /* Pods-EmployeeRosterUITests.debug.xcconfig */,
				A71DCB1334F1EDB1B6D396FE /* Pods-EmployeeRosterUITests.release.xcconfig */,
			);
			path = Pods;
			sourceTree = "<group>";
		};
/* End PBXGroup section */

/* Begin PBXNativeTarget section */
		AF1B098E22CC956D00C5EC90 /* EmployeeRoster */ = {
			isa = PBXNativeTarget;
			buildConfigurationList = AF1B09BA22CC956E00C5EC90 /* Build configuration list for PBXNativeTarget "EmployeeRoster" */;
			buildPhases = (
				BB82F1FA1C0991ADEA84B261 /* [CP] Check Pods Manifest.lock */,
				AF1B098B22CC956D00C5EC90 /* Sources */,
				AF1B098C22CC956D00C5EC90 /* Frameworks */,
				AF1B098D22CC956D00C5EC90 /* Resources */,
				DDAB17EA30DC81C81851DE2B /* [CP] Embed Pods Frameworks */,
				046009E9232678B100493059 /* Run Swiftlint Script */,
				04E7112A234F4BF9003BA780 /* Cuckoo Script */,
			);
			buildRules = (
			);
			dependencies = (
			);
			name = EmployeeRoster;
			productName = EmployeeRoster;
			productReference = AF1B098F22CC956D00C5EC90 /* EmployeeRoster.app */;
			productType = "com.apple.product-type.application";
		};
		AF1B09A522CC956E00C5EC90 /* EmployeeRosterTests */ = {
			isa = PBXNativeTarget;
			buildConfigurationList = AF1B09BD22CC956E00C5EC90 /* Build configuration list for PBXNativeTarget "EmployeeRosterTests" */;
			buildPhases = (
				E7956EE6C55B3D9BF8428DEC /* [CP] Check Pods Manifest.lock */,
				AF1B09A222CC956E00C5EC90 /* Sources */,
				AF1B09A322CC956E00C5EC90 /* Frameworks */,
				AF1B09A422CC956E00C5EC90 /* Resources */,
				5C3B655F124B38D9534A5AF3 /* [CP] Embed Pods Frameworks */,
			);
			buildRules = (
			);
			dependencies = (
				AF1B09A822CC956E00C5EC90 /* PBXTargetDependency */,
			);
			name = EmployeeRosterTests;
			productName = EmployeeRosterTests;
			productReference = AF1B09A622CC956E00C5EC90 /* EmployeeRosterTests.xctest */;
			productType = "com.apple.product-type.bundle.unit-test";
		};
		AF1B09B022CC956E00C5EC90 /* EmployeeRosterUITests */ = {
			isa = PBXNativeTarget;
			buildConfigurationList = AF1B09C022CC956E00C5EC90 /* Build configuration list for PBXNativeTarget "EmployeeRosterUITests" */;
			buildPhases = (
				A2D3A880FD12CB7D021F1718 /* [CP] Check Pods Manifest.lock */,
				AF1B09AD22CC956E00C5EC90 /* Sources */,
				AF1B09AE22CC956E00C5EC90 /* Frameworks */,
				AF1B09AF22CC956E00C5EC90 /* Resources */,
				04E7112B234F5109003BA780 /* ShellScript */,
			);
			buildRules = (
			);
			dependencies = (
				AF1B09B322CC956E00C5EC90 /* PBXTargetDependency */,
			);
			name = EmployeeRosterUITests;
			productName = EmployeeRosterUITests;
			productReference = AF1B09B122CC956E00C5EC90 /* EmployeeRosterUITests.xctest */;
			productType = "com.apple.product-type.bundle.ui-testing";
		};
/* End PBXNativeTarget section */

/* Begin PBXProject section */
		AF1B098722CC956D00C5EC90 /* Project object */ = {
			isa = PBXProject;
			attributes = {
				LastSwiftUpdateCheck = 1020;
				LastUpgradeCheck = 1020;
				ORGANIZATIONNAME = NischalHada;
				TargetAttributes = {
					AF1B098E22CC956D00C5EC90 = {
						CreatedOnToolsVersion = 10.2.1;
					};
					AF1B09A522CC956E00C5EC90 = {
						CreatedOnToolsVersion = 10.2.1;
						TestTargetID = AF1B098E22CC956D00C5EC90;
					};
					AF1B09B022CC956E00C5EC90 = {
						CreatedOnToolsVersion = 10.2.1;
						TestTargetID = AF1B098E22CC956D00C5EC90;
					};
				};
			};
			buildConfigurationList = AF1B098A22CC956D00C5EC90 /* Build configuration list for PBXProject "EmployeeRoster" */;
			compatibilityVersion = "Xcode 9.3";
			developmentRegion = en;
			hasScannedForEncodings = 0;
			knownRegions = (
				en,
				Base,
			);
			mainGroup = AF1B098622CC956D00C5EC90;
			productRefGroup = AF1B099022CC956D00C5EC90 /* Products */;
			projectDirPath = "";
			projectRoot = "";
			targets = (
				AF1B098E22CC956D00C5EC90 /* EmployeeRoster */,
				AF1B09A522CC956E00C5EC90 /* EmployeeRosterTests */,
				AF1B09B022CC956E00C5EC90 /* EmployeeRosterUITests */,
			);
		};
/* End PBXProject section */

/* Begin PBXResourcesBuildPhase section */
		AF1B098D22CC956D00C5EC90 /* Resources */ = {
			isa = PBXResourcesBuildPhase;
			buildActionMask = 2147483647;
			files = (
				0407F32623084190001E66A0 /* GothamRounded-Medium.otf in Resources */,
				AFC3E6D022CCDF34005A8829 /* .swiftlint.yml in Resources */,
				0407F32723084190001E66A0 /* GothamRounded-Bold.otf in Resources */,
				04027675239376DF00860D60 /* StandardColors.txt in Resources */,
				0407F32823084190001E66A0 /* GothamRounded-Light.otf in Resources */,
				04027654239374EA00860D60 /* generate-swiftgen.sh in Resources */,
				AF1B09A022CC956E00C5EC90 /* LaunchScreen.storyboard in Resources */,
				0402767923938EAF00860D60 /* Icons.xcassets in Resources */,
				04027676239376DF00860D60 /* DashBoard.strings in Resources */,
				AF1B099D22CC956E00C5EC90 /* Assets.xcassets in Resources */,
				AF1B099822CC956D00C5EC90 /* Main.storyboard in Resources */,
				04027677239376DF00860D60 /* Mock.strings in Resources */,
				04027655239374EA00860D60 /* swiftgen.yml in Resources */,
			);
			runOnlyForDeploymentPostprocessing = 0;
		};
		AF1B09A422CC956E00C5EC90 /* Resources */ = {
			isa = PBXResourcesBuildPhase;
			buildActionMask = 2147483647;
			files = (
				AF25A28B22D36A3E001183F9 /* employee.json in Resources */,
			);
			runOnlyForDeploymentPostprocessing = 0;
		};
		AF1B09AF22CC956E00C5EC90 /* Resources */ = {
			isa = PBXResourcesBuildPhase;
			buildActionMask = 2147483647;
			files = (
			);
			runOnlyForDeploymentPostprocessing = 0;
		};
/* End PBXResourcesBuildPhase section */

/* Begin PBXShellScriptBuildPhase section */
		046009E9232678B100493059 /* Run Swiftlint Script */ = {
			isa = PBXShellScriptBuildPhase;
			buildActionMask = 2147483647;
			files = (
			);
			inputFileListPaths = (
			);
			inputPaths = (
			);
			name = "Run Swiftlint Script";
			outputFileListPaths = (
			);
			outputPaths = (
			);
			runOnlyForDeploymentPostprocessing = 0;
			shellPath = /bin/sh;
			shellScript = "if which swiftlint >/dev/null; then\nswiftlint\nelse\necho \"warning: SwiftLint not installed, download from https://github.com/realm/SwiftLint\"\nfi\n";
		};
		04E7112A234F4BF9003BA780 /* Cuckoo Script */ = {
			isa = PBXShellScriptBuildPhase;
			buildActionMask = 2147483647;
			files = (
			);
			inputFileListPaths = (
			);
			inputPaths = (
			);
			name = "Cuckoo Script";
			outputFileListPaths = (
			);
			outputPaths = (
			);
			runOnlyForDeploymentPostprocessing = 0;
			shellPath = /bin/sh;
			shellScript = "# Define output file. Change \"${PROJECT_DIR}/${PROJECT_NAME}Tests\" to your test's root source folder, if it's not the default name.\nOUTPUT_FILE=\"${PROJECT_DIR}/${PROJECT_NAME}Tests/GeneratedMocks.swift\"\necho \"Generated Mocks File = ${OUTPUT_FILE}\"\n\n# Define input directory. Change \"${PROJECT_DIR}/${PROJECT_NAME}\" to your project's root source folder, if it's not the default name.\nINPUT_DIR=\"${PROJECT_DIR}/${PROJECT_NAME}\"\necho \"Mocks Input Directory = ${INPUT_DIR}\"\n\n# Generate mock files, include as many input files as you'd like to create mocks for.\n\"${PODS_ROOT}/Cuckoo/run\" generate --testable \"${PROJECT_NAME}\" \\\n--output \"${OUTPUT_FILE}\" \\\n\"$INPUT_DIR/Service/WebService/WebServiceProtocol.swift\" \\\n\"$INPUT_DIR/Service/ApiHandler/GetEmployeeInfoHandlerProtocol.swift\" \\\n\"$INPUT_DIR/ViewModel/EmployeeViewModelProtocol.swift\" \\\n\"$INPUT_DIR/Utility/RealmManager/RealmManager.swift\" \\\n\"$INPUT_DIR/Utility/KeychainManager/KeychainManager.swift\" \\\n\n# After running once, locate `GeneratedMocks.swift` and drag it into your Xcode test target group.\n";
		};
		04E7112B234F5109003BA780 /* ShellScript */ = {
			isa = PBXShellScriptBuildPhase;
			buildActionMask = 2147483647;
			files = (
			);
			inputFileListPaths = (
			);
			inputPaths = (
			);
			outputFileListPaths = (
			);
			outputPaths = (
			);
			runOnlyForDeploymentPostprocessing = 0;
			shellPath = /bin/sh;
			shellScript = "\"${PODS_ROOT}/Target Support Files/Pods-EmployeeRoster/Pods-EmployeeRoster-frameworks.sh\"\n";
		};
		5C3B655F124B38D9534A5AF3 /* [CP] Embed Pods Frameworks */ = {
			isa = PBXShellScriptBuildPhase;
			buildActionMask = 2147483647;
			files = (
			);
			inputFileListPaths = (
				"${PODS_ROOT}/Target Support Files/Pods-EmployeeRosterTests/Pods-EmployeeRosterTests-frameworks-${CONFIGURATION}-input-files.xcfilelist",
			);
			name = "[CP] Embed Pods Frameworks";
			outputFileListPaths = (
				"${PODS_ROOT}/Target Support Files/Pods-EmployeeRosterTests/Pods-EmployeeRosterTests-frameworks-${CONFIGURATION}-output-files.xcfilelist",
			);
			runOnlyForDeploymentPostprocessing = 0;
			shellPath = /bin/sh;
			shellScript = "\"${PODS_ROOT}/Target Support Files/Pods-EmployeeRosterTests/Pods-EmployeeRosterTests-frameworks.sh\"\n";
			showEnvVarsInLog = 0;
		};
		A2D3A880FD12CB7D021F1718 /* [CP] Check Pods Manifest.lock */ = {
			isa = PBXShellScriptBuildPhase;
			buildActionMask = 2147483647;
			files = (
			);
			inputFileListPaths = (
			);
			inputPaths = (
				"${PODS_PODFILE_DIR_PATH}/Podfile.lock",
				"${PODS_ROOT}/Manifest.lock",
			);
			name = "[CP] Check Pods Manifest.lock";
			outputFileListPaths = (
			);
			outputPaths = (
				"$(DERIVED_FILE_DIR)/Pods-EmployeeRosterUITests-checkManifestLockResult.txt",
			);
			runOnlyForDeploymentPostprocessing = 0;
			shellPath = /bin/sh;
			shellScript = "diff \"${PODS_PODFILE_DIR_PATH}/Podfile.lock\" \"${PODS_ROOT}/Manifest.lock\" > /dev/null\nif [ $? != 0 ] ; then\n    # print error to STDERR\n    echo \"error: The sandbox is not in sync with the Podfile.lock. Run 'pod install' or update your CocoaPods installation.\" >&2\n    exit 1\nfi\n# This output is used by Xcode 'outputs' to avoid re-running this script phase.\necho \"SUCCESS\" > \"${SCRIPT_OUTPUT_FILE_0}\"\n";
			showEnvVarsInLog = 0;
		};
		BB82F1FA1C0991ADEA84B261 /* [CP] Check Pods Manifest.lock */ = {
			isa = PBXShellScriptBuildPhase;
			buildActionMask = 2147483647;
			files = (
			);
			inputFileListPaths = (
			);
			inputPaths = (
				"${PODS_PODFILE_DIR_PATH}/Podfile.lock",
				"${PODS_ROOT}/Manifest.lock",
			);
			name = "[CP] Check Pods Manifest.lock";
			outputFileListPaths = (
			);
			outputPaths = (
				"$(DERIVED_FILE_DIR)/Pods-EmployeeRoster-checkManifestLockResult.txt",
			);
			runOnlyForDeploymentPostprocessing = 0;
			shellPath = /bin/sh;
			shellScript = "diff \"${PODS_PODFILE_DIR_PATH}/Podfile.lock\" \"${PODS_ROOT}/Manifest.lock\" > /dev/null\nif [ $? != 0 ] ; then\n    # print error to STDERR\n    echo \"error: The sandbox is not in sync with the Podfile.lock. Run 'pod install' or update your CocoaPods installation.\" >&2\n    exit 1\nfi\n# This output is used by Xcode 'outputs' to avoid re-running this script phase.\necho \"SUCCESS\" > \"${SCRIPT_OUTPUT_FILE_0}\"\n";
			showEnvVarsInLog = 0;
		};
		DDAB17EA30DC81C81851DE2B /* [CP] Embed Pods Frameworks */ = {
			isa = PBXShellScriptBuildPhase;
			buildActionMask = 2147483647;
			files = (
			);
			inputFileListPaths = (
				"${PODS_ROOT}/Target Support Files/Pods-EmployeeRoster/Pods-EmployeeRoster-frameworks-${CONFIGURATION}-input-files.xcfilelist",
			);
			name = "[CP] Embed Pods Frameworks";
			outputFileListPaths = (
				"${PODS_ROOT}/Target Support Files/Pods-EmployeeRoster/Pods-EmployeeRoster-frameworks-${CONFIGURATION}-output-files.xcfilelist",
			);
			runOnlyForDeploymentPostprocessing = 0;
			shellPath = /bin/sh;
			shellScript = "\"${PODS_ROOT}/Target Support Files/Pods-EmployeeRoster/Pods-EmployeeRoster-frameworks.sh\"\n";
			showEnvVarsInLog = 0;
		};
		E7956EE6C55B3D9BF8428DEC /* [CP] Check Pods Manifest.lock */ = {
			isa = PBXShellScriptBuildPhase;
			buildActionMask = 2147483647;
			files = (
			);
			inputFileListPaths = (
			);
			inputPaths = (
				"${PODS_PODFILE_DIR_PATH}/Podfile.lock",
				"${PODS_ROOT}/Manifest.lock",
			);
			name = "[CP] Check Pods Manifest.lock";
			outputFileListPaths = (
			);
			outputPaths = (
				"$(DERIVED_FILE_DIR)/Pods-EmployeeRosterTests-checkManifestLockResult.txt",
			);
			runOnlyForDeploymentPostprocessing = 0;
			shellPath = /bin/sh;
			shellScript = "diff \"${PODS_PODFILE_DIR_PATH}/Podfile.lock\" \"${PODS_ROOT}/Manifest.lock\" > /dev/null\nif [ $? != 0 ] ; then\n    # print error to STDERR\n    echo \"error: The sandbox is not in sync with the Podfile.lock. Run 'pod install' or update your CocoaPods installation.\" >&2\n    exit 1\nfi\n# This output is used by Xcode 'outputs' to avoid re-running this script phase.\necho \"SUCCESS\" > \"${SCRIPT_OUTPUT_FILE_0}\"\n";
			showEnvVarsInLog = 0;
		};
/* End PBXShellScriptBuildPhase section */

/* Begin PBXSourcesBuildPhase section */
		AF1B098B22CC956D00C5EC90 /* Sources */ = {
			isa = PBXSourcesBuildPhase;
			buildActionMask = 2147483647;
			files = (
				04F0B411234C366F003819B7 /* RealmRoster.swift in Sources */,
				040276692393753C00860D60 /* GeneratedStrings.swift in Sources */,
				04FD56222352D6B5009420B9 /* Bundle+Extension.swift in Sources */,
				AF1B09CB22CC988300C5EC90 /* WebService.swift in Sources */,
				0402766B2393753C00860D60 /* GeneratedColors.swift in Sources */,
				AFC3E6AF22CCA445005A8829 /* EmployeeRosterVC.swift in Sources */,
				0493B4202355BA2B001CC190 /* AlertAction.swift in Sources */,
				AFC3E6BC22CCB318005A8829 /* ScheduleModel.swift in Sources */,
				AF1B099B22CC956D00C5EC90 /* EmployeeRoster.xcdatamodeld in Sources */,
				0402492123546C4400478C74 /* String+Extension .swift in Sources */,
				0407F32A230841ED001E66A0 /* ColourExtension.swift in Sources */,
				AF1B09C922CC987100C5EC90 /* WebServiceProtocol.swift in Sources */,
				AFC3E6BA22CCB2F7005A8829 /* RosterModel.swift in Sources */,
				04E71131234F53C1003BA780 /* ReusableView.swift in Sources */,
				0402492023546C4400478C74 /* DateFormatter+Formatters.swift in Sources */,
				048FF23E23A1D43A00FFE1AD /* EventsModel.swift in Sources */,
				AFC3E6D522CCE700005A8829 /* UIImageViewExtension.swift in Sources */,
				045480C423589143000D6BA7 /* SpinnerViewController.swift in Sources */,
				0493B4212355BA2B001CC190 /* UIViewController+Extension.swift in Sources */,
				0402766D2393753C00860D60 /* Assets.swift in Sources */,
				04E71127234F2E7D003BA780 /* EmployeeSectionModel.swift in Sources */,
				AFC3E6C322CCD3BF005A8829 /* RosterTableViewCell.swift in Sources */,
				04D1C9AA230965C3006FD8F7 /* FontExtension.swift in Sources */,
				AFC3E6BE22CCB34A005A8829 /* EmployeeModel.swift in Sources */,
				AFC3E6B122CCA45A005A8829 /* EmployeeViewModel.swift in Sources */,
				AFC3E6C522CCD3D7005A8829 /* EmployeeListCell.swift in Sources */,
				04E7112D234F536B003BA780 /* UITableView+Extensions.swift in Sources */,
				AF1B09C522CC981800C5EC90 /* GetEmployeeInfoHandler.swift in Sources */,
				AF1B099522CC956D00C5EC90 /* ViewController.swift in Sources */,
				0493B41F2355BA2B001CC190 /* UIAlertController+Extension.swift in Sources */,
				04A073C5235148280042A062 /* KeychainManager.swift in Sources */,
				0402766E2393753C00860D60 /* GeneratedJSONFiles.swift in Sources */,
				AF1B099322CC956D00C5EC90 /* AppDelegate.swift in Sources */,
				0448C9782349B36C0082369E /* RealmManager.swift in Sources */,
				0402492223546C4400478C74 /* Date+Extensions.swift in Sources */,
				AFC3E6C022CCBDD4005A8829 /* EmployeeViewModelProtocol.swift in Sources */,
				AFC3E6CB22CCD51C005A8829 /* UIColor+Extension.swift in Sources */,
				0402766C2393753C00860D60 /* GeneratedFonts.swift in Sources */,
				AFC3E6D222CCE0FD005A8829 /* EmployeeDetailCell.swift in Sources */,
				AFC3E6C822CCD4A1005A8829 /* ActivityIndicator.swift in Sources */,
				045480C6235891A7000D6BA7 /* SpinnerViewController+Extension.swift in Sources */,
				AF1B09CD22CC98BF00C5EC90 /* GetEmployeeInfoHandlerProtocol.swift in Sources */,
				04D1C9AC23096764006FD8F7 /* NavigationControllerExtension.swift in Sources */,
				040276672393753C00860D60 /* StoryboardSegues.swift in Sources */,
				040276682393753C00860D60 /* StoryboardScenes.swift in Sources */,
				04F0B40D234C360F003819B7 /* RealmEmployee.swift in Sources */,
				04F0B40F234C3662003819B7 /* RealmSchedule.swift in Sources */,
			);
			runOnlyForDeploymentPostprocessing = 0;
		};
		AF1B09A222CC956E00C5EC90 /* Sources */ = {
			isa = PBXSourcesBuildPhase;
			buildActionMask = 2147483647;
			files = (
				AF25A28922D3693E001183F9 /* MaterializedSequenceResult.swift in Sources */,
				04A073BF235082060042A062 /* RealmManagerTests.swift in Sources */,
				AFFD7BC722D1C2BB0075A006 /* GetEmployeeInfoHandlerTests.swift in Sources */,
				AF1A481122D4056900436A29 /* EmployeeViewModelTests.swift in Sources */,
				AF1B09AB22CC956E00C5EC90 /* EmployeeRosterTests.swift in Sources */,
				AFFD7BC522D1C2440075A006 /* GeneratedMocks.swift in Sources */,
				04A073C72351483E0042A062 /* KeychainManagerTests.swift in Sources */,
				048EB042235A79F400AFF8B0 /* MockEKEventStore.swift in Sources */,
				AF25A28D22D36AC0001183F9 /* MockData.swift in Sources */,
				045480C8235895E5000D6BA7 /* WebServiceTests.swift in Sources */,
				04A073C2235141CD0042A062 /* MockError.swift in Sources */,
				0447E5C923A32E34009BAC51 /* MockEventsCalendarManager.swift in Sources */,
			);
			runOnlyForDeploymentPostprocessing = 0;
		};
		AF1B09AD22CC956E00C5EC90 /* Sources */ = {
			isa = PBXSourcesBuildPhase;
			buildActionMask = 2147483647;
			files = (
				AF1B09B622CC956E00C5EC90 /* EmployeeRosterUITests.swift in Sources */,
			);
			runOnlyForDeploymentPostprocessing = 0;
		};
/* End PBXSourcesBuildPhase section */

/* Begin PBXTargetDependency section */
		AF1B09A822CC956E00C5EC90 /* PBXTargetDependency */ = {
			isa = PBXTargetDependency;
			target = AF1B098E22CC956D00C5EC90 /* EmployeeRoster */;
			targetProxy = AF1B09A722CC956E00C5EC90 /* PBXContainerItemProxy */;
		};
		AF1B09B322CC956E00C5EC90 /* PBXTargetDependency */ = {
			isa = PBXTargetDependency;
			target = AF1B098E22CC956D00C5EC90 /* EmployeeRoster */;
			targetProxy = AF1B09B222CC956E00C5EC90 /* PBXContainerItemProxy */;
		};
/* End PBXTargetDependency section */

/* Begin PBXVariantGroup section */
		AF1B099622CC956D00C5EC90 /* Main.storyboard */ = {
			isa = PBXVariantGroup;
			children = (
				AF1B099722CC956D00C5EC90 /* Base */,
			);
			name = Main.storyboard;
			sourceTree = "<group>";
		};
		AF1B099E22CC956E00C5EC90 /* LaunchScreen.storyboard */ = {
			isa = PBXVariantGroup;
			children = (
				AF1B099F22CC956E00C5EC90 /* Base */,
			);
			name = LaunchScreen.storyboard;
			sourceTree = "<group>";
		};
/* End PBXVariantGroup section */

/* Begin XCBuildConfiguration section */
		AF1B09B822CC956E00C5EC90 /* Debug */ = {
			isa = XCBuildConfiguration;
			buildSettings = {
				ALWAYS_SEARCH_USER_PATHS = NO;
				CLANG_ANALYZER_NONNULL = YES;
				CLANG_ANALYZER_NUMBER_OBJECT_CONVERSION = YES_AGGRESSIVE;
				CLANG_CXX_LANGUAGE_STANDARD = "gnu++14";
				CLANG_CXX_LIBRARY = "libc++";
				CLANG_ENABLE_MODULES = YES;
				CLANG_ENABLE_OBJC_ARC = YES;
				CLANG_ENABLE_OBJC_WEAK = YES;
				CLANG_WARN_BLOCK_CAPTURE_AUTORELEASING = YES;
				CLANG_WARN_BOOL_CONVERSION = YES;
				CLANG_WARN_COMMA = YES;
				CLANG_WARN_CONSTANT_CONVERSION = YES;
				CLANG_WARN_DEPRECATED_OBJC_IMPLEMENTATIONS = YES;
				CLANG_WARN_DIRECT_OBJC_ISA_USAGE = YES_ERROR;
				CLANG_WARN_DOCUMENTATION_COMMENTS = YES;
				CLANG_WARN_EMPTY_BODY = YES;
				CLANG_WARN_ENUM_CONVERSION = YES;
				CLANG_WARN_INFINITE_RECURSION = YES;
				CLANG_WARN_INT_CONVERSION = YES;
				CLANG_WARN_NON_LITERAL_NULL_CONVERSION = YES;
				CLANG_WARN_OBJC_IMPLICIT_RETAIN_SELF = YES;
				CLANG_WARN_OBJC_LITERAL_CONVERSION = YES;
				CLANG_WARN_OBJC_ROOT_CLASS = YES_ERROR;
				CLANG_WARN_RANGE_LOOP_ANALYSIS = YES;
				CLANG_WARN_STRICT_PROTOTYPES = YES;
				CLANG_WARN_SUSPICIOUS_MOVE = YES;
				CLANG_WARN_UNGUARDED_AVAILABILITY = YES_AGGRESSIVE;
				CLANG_WARN_UNREACHABLE_CODE = YES;
				CLANG_WARN__DUPLICATE_METHOD_MATCH = YES;
				CODE_SIGN_IDENTITY = "iPhone Developer";
				COPY_PHASE_STRIP = NO;
				DEBUG_INFORMATION_FORMAT = dwarf;
				ENABLE_STRICT_OBJC_MSGSEND = YES;
				ENABLE_TESTABILITY = YES;
				GCC_C_LANGUAGE_STANDARD = gnu11;
				GCC_DYNAMIC_NO_PIC = NO;
				GCC_NO_COMMON_BLOCKS = YES;
				GCC_OPTIMIZATION_LEVEL = 0;
				GCC_PREPROCESSOR_DEFINITIONS = (
					"DEBUG=1",
					"$(inherited)",
				);
				GCC_WARN_64_TO_32_BIT_CONVERSION = YES;
				GCC_WARN_ABOUT_RETURN_TYPE = YES_ERROR;
				GCC_WARN_UNDECLARED_SELECTOR = YES;
				GCC_WARN_UNINITIALIZED_AUTOS = YES_AGGRESSIVE;
				GCC_WARN_UNUSED_FUNCTION = YES;
				GCC_WARN_UNUSED_VARIABLE = YES;
				IPHONEOS_DEPLOYMENT_TARGET = 12.2;
				MTL_ENABLE_DEBUG_INFO = INCLUDE_SOURCE;
				MTL_FAST_MATH = YES;
				ONLY_ACTIVE_ARCH = YES;
				SDKROOT = iphoneos;
				SWIFT_ACTIVE_COMPILATION_CONDITIONS = DEBUG;
				SWIFT_OPTIMIZATION_LEVEL = "-Onone";
			};
			name = Debug;
		};
		AF1B09B922CC956E00C5EC90 /* Release */ = {
			isa = XCBuildConfiguration;
			buildSettings = {
				ALWAYS_SEARCH_USER_PATHS = NO;
				CLANG_ANALYZER_NONNULL = YES;
				CLANG_ANALYZER_NUMBER_OBJECT_CONVERSION = YES_AGGRESSIVE;
				CLANG_CXX_LANGUAGE_STANDARD = "gnu++14";
				CLANG_CXX_LIBRARY = "libc++";
				CLANG_ENABLE_MODULES = YES;
				CLANG_ENABLE_OBJC_ARC = YES;
				CLANG_ENABLE_OBJC_WEAK = YES;
				CLANG_WARN_BLOCK_CAPTURE_AUTORELEASING = YES;
				CLANG_WARN_BOOL_CONVERSION = YES;
				CLANG_WARN_COMMA = YES;
				CLANG_WARN_CONSTANT_CONVERSION = YES;
				CLANG_WARN_DEPRECATED_OBJC_IMPLEMENTATIONS = YES;
				CLANG_WARN_DIRECT_OBJC_ISA_USAGE = YES_ERROR;
				CLANG_WARN_DOCUMENTATION_COMMENTS = YES;
				CLANG_WARN_EMPTY_BODY = YES;
				CLANG_WARN_ENUM_CONVERSION = YES;
				CLANG_WARN_INFINITE_RECURSION = YES;
				CLANG_WARN_INT_CONVERSION = YES;
				CLANG_WARN_NON_LITERAL_NULL_CONVERSION = YES;
				CLANG_WARN_OBJC_IMPLICIT_RETAIN_SELF = YES;
				CLANG_WARN_OBJC_LITERAL_CONVERSION = YES;
				CLANG_WARN_OBJC_ROOT_CLASS = YES_ERROR;
				CLANG_WARN_RANGE_LOOP_ANALYSIS = YES;
				CLANG_WARN_STRICT_PROTOTYPES = YES;
				CLANG_WARN_SUSPICIOUS_MOVE = YES;
				CLANG_WARN_UNGUARDED_AVAILABILITY = YES_AGGRESSIVE;
				CLANG_WARN_UNREACHABLE_CODE = YES;
				CLANG_WARN__DUPLICATE_METHOD_MATCH = YES;
				CODE_SIGN_IDENTITY = "iPhone Developer";
				COPY_PHASE_STRIP = NO;
				DEBUG_INFORMATION_FORMAT = "dwarf-with-dsym";
				ENABLE_NS_ASSERTIONS = NO;
				ENABLE_STRICT_OBJC_MSGSEND = YES;
				GCC_C_LANGUAGE_STANDARD = gnu11;
				GCC_NO_COMMON_BLOCKS = YES;
				GCC_WARN_64_TO_32_BIT_CONVERSION = YES;
				GCC_WARN_ABOUT_RETURN_TYPE = YES_ERROR;
				GCC_WARN_UNDECLARED_SELECTOR = YES;
				GCC_WARN_UNINITIALIZED_AUTOS = YES_AGGRESSIVE;
				GCC_WARN_UNUSED_FUNCTION = YES;
				GCC_WARN_UNUSED_VARIABLE = YES;
				IPHONEOS_DEPLOYMENT_TARGET = 12.2;
				MTL_ENABLE_DEBUG_INFO = NO;
				MTL_FAST_MATH = YES;
				SDKROOT = iphoneos;
				SWIFT_COMPILATION_MODE = wholemodule;
				SWIFT_OPTIMIZATION_LEVEL = "-O";
				VALIDATE_PRODUCT = YES;
			};
			name = Release;
		};
		AF1B09BB22CC956E00C5EC90 /* Debug */ = {
			isa = XCBuildConfiguration;
			baseConfigurationReference = 4BF38923BD0CEC33E0435252 /* Pods-EmployeeRoster.debug.xcconfig */;
			buildSettings = {
				ASSETCATALOG_COMPILER_APPICON_NAME = AppIcon;
				CODE_SIGN_STYLE = Automatic;
				DEVELOPMENT_TEAM = 8K9W8TZ624;
				INFOPLIST_FILE = EmployeeRoster/Info.plist;
				LD_RUNPATH_SEARCH_PATHS = (
					"$(inherited)",
					"@executable_path/Frameworks",
				);
				PRODUCT_BUNDLE_IDENTIFIER = Nischalhada.EmployeeRoster;
				PRODUCT_NAME = "$(TARGET_NAME)";
				SWIFT_VERSION = 5.0;
				TARGETED_DEVICE_FAMILY = "1,2";
			};
			name = Debug;
		};
		AF1B09BC22CC956E00C5EC90 /* Release */ = {
			isa = XCBuildConfiguration;
			baseConfigurationReference = 54DB1A68239D1D777C11D304 /* Pods-EmployeeRoster.release.xcconfig */;
			buildSettings = {
				ASSETCATALOG_COMPILER_APPICON_NAME = AppIcon;
				CODE_SIGN_STYLE = Automatic;
				DEVELOPMENT_TEAM = 8K9W8TZ624;
				INFOPLIST_FILE = EmployeeRoster/Info.plist;
				LD_RUNPATH_SEARCH_PATHS = (
					"$(inherited)",
					"@executable_path/Frameworks",
				);
				PRODUCT_BUNDLE_IDENTIFIER = Nischalhada.EmployeeRoster;
				PRODUCT_NAME = "$(TARGET_NAME)";
				SWIFT_VERSION = 5.0;
				TARGETED_DEVICE_FAMILY = "1,2";
			};
			name = Release;
		};
		AF1B09BE22CC956E00C5EC90 /* Debug */ = {
			isa = XCBuildConfiguration;
			baseConfigurationReference = A3DFB27D207C73995483DC74 /* Pods-EmployeeRosterTests.debug.xcconfig */;
			buildSettings = {
				ALWAYS_EMBED_SWIFT_STANDARD_LIBRARIES = YES;
				BUNDLE_LOADER = "$(TEST_HOST)";
				CODE_SIGN_STYLE = Automatic;
				DEVELOPMENT_TEAM = 8K9W8TZ624;
				INFOPLIST_FILE = EmployeeRosterTests/Info.plist;
				LD_RUNPATH_SEARCH_PATHS = (
					"$(inherited)",
					"@executable_path/Frameworks",
					"@loader_path/Frameworks",
				);
				PRODUCT_BUNDLE_IDENTIFIER = Nischalhada.EmployeeRosterTests;
				PRODUCT_NAME = "$(TARGET_NAME)";
				SWIFT_VERSION = 5.0;
				TARGETED_DEVICE_FAMILY = "1,2";
				TEST_HOST = "$(BUILT_PRODUCTS_DIR)/EmployeeRoster.app/EmployeeRoster";
			};
			name = Debug;
		};
		AF1B09BF22CC956E00C5EC90 /* Release */ = {
			isa = XCBuildConfiguration;
			baseConfigurationReference = 0718CCDE6143713203A9D7B8 /* Pods-EmployeeRosterTests.release.xcconfig */;
			buildSettings = {
				ALWAYS_EMBED_SWIFT_STANDARD_LIBRARIES = YES;
				BUNDLE_LOADER = "$(TEST_HOST)";
				CODE_SIGN_STYLE = Automatic;
				DEVELOPMENT_TEAM = 8K9W8TZ624;
				INFOPLIST_FILE = EmployeeRosterTests/Info.plist;
				LD_RUNPATH_SEARCH_PATHS = (
					"$(inherited)",
					"@executable_path/Frameworks",
					"@loader_path/Frameworks",
				);
				PRODUCT_BUNDLE_IDENTIFIER = Nischalhada.EmployeeRosterTests;
				PRODUCT_NAME = "$(TARGET_NAME)";
				SWIFT_VERSION = 5.0;
				TARGETED_DEVICE_FAMILY = "1,2";
				TEST_HOST = "$(BUILT_PRODUCTS_DIR)/EmployeeRoster.app/EmployeeRoster";
			};
			name = Release;
		};
		AF1B09C122CC956E00C5EC90 /* Debug */ = {
			isa = XCBuildConfiguration;
			baseConfigurationReference = 73B5E33942EEEF48B91ABFAF /* Pods-EmployeeRosterUITests.debug.xcconfig */;
			buildSettings = {
				ALWAYS_EMBED_SWIFT_STANDARD_LIBRARIES = YES;
				CODE_SIGN_STYLE = Automatic;
				DEVELOPMENT_TEAM = 8K9W8TZ624;
				INFOPLIST_FILE = EmployeeRosterUITests/Info.plist;
				LD_RUNPATH_SEARCH_PATHS = (
					"$(inherited)",
					"@executable_path/Frameworks",
					"@loader_path/Frameworks",
				);
				PRODUCT_BUNDLE_IDENTIFIER = Nischalhada.EmployeeRosterUITests;
				PRODUCT_NAME = "$(TARGET_NAME)";
				SWIFT_VERSION = 5.0;
				TARGETED_DEVICE_FAMILY = "1,2";
				TEST_TARGET_NAME = EmployeeRoster;
			};
			name = Debug;
		};
		AF1B09C222CC956E00C5EC90 /* Release */ = {
			isa = XCBuildConfiguration;
			baseConfigurationReference = A71DCB1334F1EDB1B6D396FE /* Pods-EmployeeRosterUITests.release.xcconfig */;
			buildSettings = {
				ALWAYS_EMBED_SWIFT_STANDARD_LIBRARIES = YES;
				CODE_SIGN_STYLE = Automatic;
				DEVELOPMENT_TEAM = 8K9W8TZ624;
				INFOPLIST_FILE = EmployeeRosterUITests/Info.plist;
				LD_RUNPATH_SEARCH_PATHS = (
					"$(inherited)",
					"@executable_path/Frameworks",
					"@loader_path/Frameworks",
				);
				PRODUCT_BUNDLE_IDENTIFIER = Nischalhada.EmployeeRosterUITests;
				PRODUCT_NAME = "$(TARGET_NAME)";
				SWIFT_VERSION = 5.0;
				TARGETED_DEVICE_FAMILY = "1,2";
				TEST_TARGET_NAME = EmployeeRoster;
			};
			name = Release;
		};
/* End XCBuildConfiguration section */

/* Begin XCConfigurationList section */
		AF1B098A22CC956D00C5EC90 /* Build configuration list for PBXProject "EmployeeRoster" */ = {
			isa = XCConfigurationList;
			buildConfigurations = (
				AF1B09B822CC956E00C5EC90 /* Debug */,
				AF1B09B922CC956E00C5EC90 /* Release */,
			);
			defaultConfigurationIsVisible = 0;
			defaultConfigurationName = Release;
		};
		AF1B09BA22CC956E00C5EC90 /* Build configuration list for PBXNativeTarget "EmployeeRoster" */ = {
			isa = XCConfigurationList;
			buildConfigurations = (
				AF1B09BB22CC956E00C5EC90 /* Debug */,
				AF1B09BC22CC956E00C5EC90 /* Release */,
			);
			defaultConfigurationIsVisible = 0;
			defaultConfigurationName = Release;
		};
		AF1B09BD22CC956E00C5EC90 /* Build configuration list for PBXNativeTarget "EmployeeRosterTests" */ = {
			isa = XCConfigurationList;
			buildConfigurations = (
				AF1B09BE22CC956E00C5EC90 /* Debug */,
				AF1B09BF22CC956E00C5EC90 /* Release */,
			);
			defaultConfigurationIsVisible = 0;
			defaultConfigurationName = Release;
		};
		AF1B09C022CC956E00C5EC90 /* Build configuration list for PBXNativeTarget "EmployeeRosterUITests" */ = {
			isa = XCConfigurationList;
			buildConfigurations = (
				AF1B09C122CC956E00C5EC90 /* Debug */,
				AF1B09C222CC956E00C5EC90 /* Release */,
			);
			defaultConfigurationIsVisible = 0;
			defaultConfigurationName = Release;
		};
/* End XCConfigurationList section */

/* Begin XCVersionGroup section */
		AF1B099922CC956D00C5EC90 /* EmployeeRoster.xcdatamodeld */ = {
			isa = XCVersionGroup;
			children = (
				AF1B099A22CC956D00C5EC90 /* EmployeeRoster.xcdatamodel */,
			);
			currentVersion = AF1B099A22CC956D00C5EC90 /* EmployeeRoster.xcdatamodel */;
			path = EmployeeRoster.xcdatamodeld;
			sourceTree = "<group>";
			versionGroupType = wrapper.xcdatamodel;
		};
/* End XCVersionGroup section */
	};
	rootObject = AF1B098722CC956D00C5EC90 /* Project object */;
}
